// !$*UTF8*$!
{
	archiveVersion = 1;
	classes = {
	};
	objectVersion = 46;
	objects = {
/* Begin PBXBuildFile section */
		00E356F31AD99517003FC87E /* JustNewsTests.m in Sources */ = {isa = PBXBuildFile; fileRef = 00E356F21AD99517003FC87E /* JustNewsTests.m */; };
		13B07FBC1A68108700A75B9A /* AppDelegate.m in Sources */ = {isa = PBXBuildFile; fileRef = 13B07FB01A68108700A75B9A /* AppDelegate.m */; };
		13B07FBD1A68108700A75B9A /* LaunchScreen.xib in Resources */ = {isa = PBXBuildFile; fileRef = 13B07FB11A68108700A75B9A /* LaunchScreen.xib */; };
		13B07FBF1A68108700A75B9A /* Images.xcassets in Resources */ = {isa = PBXBuildFile; fileRef = 13B07FB51A68108700A75B9A /* Images.xcassets */; };
		13B07FC11A68108700A75B9A /* main.m in Sources */ = {isa = PBXBuildFile; fileRef = 13B07FB71A68108700A75B9A /* main.m */; };
		2D02E4BC1E0B4A80006451C7 /* AppDelegate.m in Sources */ = {isa = PBXBuildFile; fileRef = 13B07FB01A68108700A75B9A /* AppDelegate.m */; };
		2D02E4BD1E0B4A84006451C7 /* Images.xcassets in Resources */ = {isa = PBXBuildFile; fileRef = 13B07FB51A68108700A75B9A /* Images.xcassets */; };
		2D02E4BF1E0B4AB3006451C7 /* main.m in Sources */ = {isa = PBXBuildFile; fileRef = 13B07FB71A68108700A75B9A /* main.m */; };
		2DCD954D1E0B4F2C00145EB5 /* JustNewsTests.m in Sources */ = {isa = PBXBuildFile; fileRef = 00E356F21AD99517003FC87E /* JustNewsTests.m */; };
		BB86F55C5971476E9C8DEE02 /* AntDesign.ttf in Resources */ = {isa = PBXBuildFile; fileRef = D6281F23B3964FB2BB16F85D /* AntDesign.ttf */; };
		AF145A88A35042E0ABA7BE39 /* Entypo.ttf in Resources */ = {isa = PBXBuildFile; fileRef = 4400A4B3283E4BA1B2D4400F /* Entypo.ttf */; };
		6756430F1EE24DF39339F1AA /* EvilIcons.ttf in Resources */ = {isa = PBXBuildFile; fileRef = 7D710AE0996D4017846356DF /* EvilIcons.ttf */; };
		0169CF18B5EE43D8941FC78F /* Feather.ttf in Resources */ = {isa = PBXBuildFile; fileRef = 7CA702744F7B4FA29E6EF101 /* Feather.ttf */; };
		99367624FA064FB880C1A8F8 /* FontAwesome.ttf in Resources */ = {isa = PBXBuildFile; fileRef = 38CEEE463C6B44BA8EA5064A /* FontAwesome.ttf */; };
		F771BAE5B64F40F99240F603 /* FontAwesome5_Brands.ttf in Resources */ = {isa = PBXBuildFile; fileRef = 22DD4B183FD0410A988FB764 /* FontAwesome5_Brands.ttf */; };
		944523BD876A4824A7099632 /* FontAwesome5_Regular.ttf in Resources */ = {isa = PBXBuildFile; fileRef = CBB5FE9B18D9429DB9E49B50 /* FontAwesome5_Regular.ttf */; };
		A18175F5E9C947779C7B0A6A /* FontAwesome5_Solid.ttf in Resources */ = {isa = PBXBuildFile; fileRef = 45C788CE1F7248A0879E82A9 /* FontAwesome5_Solid.ttf */; };
		8E49ED6C96EF4A1F86B06372 /* Fontisto.ttf in Resources */ = {isa = PBXBuildFile; fileRef = 7AA5A777FC8446EF8456E530 /* Fontisto.ttf */; };
		E0ED2AB948074501B1565CC8 /* Foundation.ttf in Resources */ = {isa = PBXBuildFile; fileRef = 3E717096CAFB46838D54D13C /* Foundation.ttf */; };
		2ECBB0CF1BC94FCFB9015CA1 /* Ionicons.ttf in Resources */ = {isa = PBXBuildFile; fileRef = A24F0E2E65EF445D8E88E52D /* Ionicons.ttf */; };
		E408FA96B1694FDBA3728CAF /* MaterialCommunityIcons.ttf in Resources */ = {isa = PBXBuildFile; fileRef = 6964FB37236A412F849700E6 /* MaterialCommunityIcons.ttf */; };
		F4FC7BCDD20542B1ACE3412E /* MaterialIcons.ttf in Resources */ = {isa = PBXBuildFile; fileRef = 371FEB1FB43F4BAC89A43811 /* MaterialIcons.ttf */; };
		79FDE9576C80439AABF548D4 /* Octicons.ttf in Resources */ = {isa = PBXBuildFile; fileRef = 9533705174ED43CA9FF837B3 /* Octicons.ttf */; };
		8F6901B49CC448048A3C9618 /* SimpleLineIcons.ttf in Resources */ = {isa = PBXBuildFile; fileRef = 55A5686EFCE0434283059E28 /* SimpleLineIcons.ttf */; };
		AA5D4788E2DE4713B193749D /* Zocial.ttf in Resources */ = {isa = PBXBuildFile; fileRef = C5781AD47D524B84B784C448 /* Zocial.ttf */; };
		AA2CD996882F450FB6287E70 /* KulimPark-Bold.ttf in Resources */ = {isa = PBXBuildFile; fileRef = C200A261A6B84CDDA8DAFA91 /* KulimPark-Bold.ttf */; };
		630DB266DE8A4A42AE2318ED /* KulimPark-BoldItalic.ttf in Resources */ = {isa = PBXBuildFile; fileRef = DAC4A5C9FCBE414B80C2D58B /* KulimPark-BoldItalic.ttf */; };
		89F0378A27314A96BE3FE86D /* KulimPark-ExtraLight.ttf in Resources */ = {isa = PBXBuildFile; fileRef = 4574E68580F44C928D3B52AE /* KulimPark-ExtraLight.ttf */; };
		434886F680E945FA856D5C80 /* KulimPark-ExtraLightItalic.ttf in Resources */ = {isa = PBXBuildFile; fileRef = 8CC9D4CBD40B4347A2ADCBBA /* KulimPark-ExtraLightItalic.ttf */; };
		9D55514C45944A9A834C0FD3 /* KulimPark-Italic.ttf in Resources */ = {isa = PBXBuildFile; fileRef = BA90DAD29FBA465FAEB19477 /* KulimPark-Italic.ttf */; };
		75A045C86727498891A88041 /* KulimPark-Light.ttf in Resources */ = {isa = PBXBuildFile; fileRef = D3E88CF4FD604726AB610AF2 /* KulimPark-Light.ttf */; };
		EF8FEC677DF34F288DD5588C /* KulimPark-LightItalic.ttf in Resources */ = {isa = PBXBuildFile; fileRef = A34984322B73477A93F4DB8A /* KulimPark-LightItalic.ttf */; };
		12D9E203A03543F5828CCAF7 /* KulimPark-Regular.ttf in Resources */ = {isa = PBXBuildFile; fileRef = D23AC3002E804F8EB08D0F08 /* KulimPark-Regular.ttf */; };
		5BE1B9AC4A094AA1BC786479 /* KulimPark-SemiBold.ttf in Resources */ = {isa = PBXBuildFile; fileRef = 5BC4AA4BC37B410887C6D8FB /* KulimPark-SemiBold.ttf */; };
		C671F48DB7C74CB3B827EFCB /* KulimPark-SemiBoldItalic.ttf in Resources */ = {isa = PBXBuildFile; fileRef = 62287F22D60D49F9B3DFAD5D /* KulimPark-SemiBoldItalic.ttf */; };
		E6031A4004E244428FD68D96 /* Montserrat-Black.ttf in Resources */ = {isa = PBXBuildFile; fileRef = 44265B0EAF0F49D88E1AC2A8 /* Montserrat-Black.ttf */; };
		F0980613649340E9BF16EBD1 /* Montserrat-BlackItalic.ttf in Resources */ = {isa = PBXBuildFile; fileRef = 02EBA4A879AA4A8DA863F3F0 /* Montserrat-BlackItalic.ttf */; };
		D4131BFE946B4C8F8598979E /* Montserrat-Bold.ttf in Resources */ = {isa = PBXBuildFile; fileRef = 619DB9EF26214E7791AC6CA7 /* Montserrat-Bold.ttf */; };
		960978C9D1C84054B307FAAE /* Montserrat-BoldItalic.ttf in Resources */ = {isa = PBXBuildFile; fileRef = 5BFD025917134976B416CA1B /* Montserrat-BoldItalic.ttf */; };
		CB9D7219F92546B6B335F562 /* Montserrat-ExtraBold.ttf in Resources */ = {isa = PBXBuildFile; fileRef = B504D26F2BB44E8D96B6A8CD /* Montserrat-ExtraBold.ttf */; };
		86E20E68550B4A6496AD735F /* Montserrat-ExtraBoldItalic.ttf in Resources */ = {isa = PBXBuildFile; fileRef = A79EC24997394E489D6CC46E /* Montserrat-ExtraBoldItalic.ttf */; };
		68FA4E1AAC0F40A1A750801E /* Montserrat-ExtraLight.ttf in Resources */ = {isa = PBXBuildFile; fileRef = 72565BEC284A415BBC494B5C /* Montserrat-ExtraLight.ttf */; };
		78FA129E14B54BBFB9B28730 /* Montserrat-ExtraLightItalic.ttf in Resources */ = {isa = PBXBuildFile; fileRef = 6CAF3F36EEFA469AB7C65263 /* Montserrat-ExtraLightItalic.ttf */; };
		A9ACCEA680B848B5836821F1 /* Montserrat-Italic.ttf in Resources */ = {isa = PBXBuildFile; fileRef = 5ED0229B780E4655AA02CFE3 /* Montserrat-Italic.ttf */; };
		8877B66BABA845028E64A223 /* Montserrat-Light.ttf in Resources */ = {isa = PBXBuildFile; fileRef = 9507845FF9DD4F76B7768812 /* Montserrat-Light.ttf */; };
		AD8902B940D0430FB917A4F3 /* Montserrat-LightItalic.ttf in Resources */ = {isa = PBXBuildFile; fileRef = 39F63D0E241144FCB344C8BF /* Montserrat-LightItalic.ttf */; };
		76FE4060E7EC4E5E8A867403 /* Montserrat-Medium.ttf in Resources */ = {isa = PBXBuildFile; fileRef = 8A95FF90EE114C2EA0BE33E9 /* Montserrat-Medium.ttf */; };
		4F0EF0FEC24F491C9887A6C3 /* Montserrat-MediumItalic.ttf in Resources */ = {isa = PBXBuildFile; fileRef = AB52BC7406994F638968C6B8 /* Montserrat-MediumItalic.ttf */; };
		29316E88EFE54218B5146900 /* Montserrat-Regular.ttf in Resources */ = {isa = PBXBuildFile; fileRef = 8DBE368B20704A80B636F2E8 /* Montserrat-Regular.ttf */; };
		B96077EC9ACC4627B2BA917A /* Montserrat-SemiBold.ttf in Resources */ = {isa = PBXBuildFile; fileRef = DCB6E5D370C44A528BA1EE43 /* Montserrat-SemiBold.ttf */; };
		6A54B6BD9BFF4646A5E9E3FD /* Montserrat-SemiBoldItalic.ttf in Resources */ = {isa = PBXBuildFile; fileRef = 32C8799EAD5F413185C84CFB /* Montserrat-SemiBoldItalic.ttf */; };
		A5064FAB352F49639D583C71 /* Montserrat-Thin.ttf in Resources */ = {isa = PBXBuildFile; fileRef = 3F4085F716D1485A98D53DDC /* Montserrat-Thin.ttf */; };
		1DC5EA0C62E74541854FFB38 /* Montserrat-ThinItalic.ttf in Resources */ = {isa = PBXBuildFile; fileRef = 97E0803026604FD09150A57D /* Montserrat-ThinItalic.ttf */; };
		8B763B8ABEB24B7A9C054624 /* Muli-Black.ttf in Resources */ = {isa = PBXBuildFile; fileRef = 85960932AA554446A362C1BF /* Muli-Black.ttf */; };
		E0ABC31FD51D458BA4E32DC5 /* Muli-BlackItalic.ttf in Resources */ = {isa = PBXBuildFile; fileRef = AD233EEA61F74E92BD380A99 /* Muli-BlackItalic.ttf */; };
		9A64D73859AC47139344CC28 /* Muli-Bold.ttf in Resources */ = {isa = PBXBuildFile; fileRef = 2644CCE46ADF46F2AB867E93 /* Muli-Bold.ttf */; };
		881D0C3D434A4205877BB5EB /* Muli-BoldItalic.ttf in Resources */ = {isa = PBXBuildFile; fileRef = 8C46ED1CEC1644AA81F86E2F /* Muli-BoldItalic.ttf */; };
		94EB22FB08BD482D8B9BF0EC /* Muli-ExtraBold.ttf in Resources */ = {isa = PBXBuildFile; fileRef = 7103E195C31D4CB88C3A5B9A /* Muli-ExtraBold.ttf */; };
		1FA025D8F6DC44D099401044 /* Muli-ExtraBoldItalic.ttf in Resources */ = {isa = PBXBuildFile; fileRef = AA6C0010B3EF4CA7BE4C8565 /* Muli-ExtraBoldItalic.ttf */; };
		BFC5248E2AEB4416989D42F8 /* Muli-ExtraLight.ttf in Resources */ = {isa = PBXBuildFile; fileRef = 681A6C575BFC42178D8711AC /* Muli-ExtraLight.ttf */; };
		C7937D34323A47FE9CD3BF19 /* Muli-ExtraLightItalic.ttf in Resources */ = {isa = PBXBuildFile; fileRef = 2C13E6A8FC584CB99D2C0FD6 /* Muli-ExtraLightItalic.ttf */; };
		25DF775313E24F3EB9056393 /* Muli-Italic.ttf in Resources */ = {isa = PBXBuildFile; fileRef = 218D4EF5D0AA4EF0A0EA79D9 /* Muli-Italic.ttf */; };
		F6AC942FCA394C45B76D697F /* Muli-Light.ttf in Resources */ = {isa = PBXBuildFile; fileRef = AEFDB2EDF64347309C24E3EE /* Muli-Light.ttf */; };
		0C03F662A0174358A5937F15 /* Muli-LightItalic.ttf in Resources */ = {isa = PBXBuildFile; fileRef = C2C6DE33BA9B41B2A76CEC17 /* Muli-LightItalic.ttf */; };
		D315C940465845B0B5A3AF72 /* Muli-Medium.ttf in Resources */ = {isa = PBXBuildFile; fileRef = 70C4FBBD76084409834EBC33 /* Muli-Medium.ttf */; };
		248027B99B044E8599F2ADB1 /* Muli-MediumItalic.ttf in Resources */ = {isa = PBXBuildFile; fileRef = 9EC604691CA84B87B603F63C /* Muli-MediumItalic.ttf */; };
		DF0869DACC0243A5AC6B5634 /* Muli-Regular.ttf in Resources */ = {isa = PBXBuildFile; fileRef = 01C0832E9DAB4B988B61D7C5 /* Muli-Regular.ttf */; };
		F6B9AB55E4DD405AB10C3240 /* Muli-SemiBold.ttf in Resources */ = {isa = PBXBuildFile; fileRef = 5C38DC875D82478FA0FAFB3A /* Muli-SemiBold.ttf */; };
		CE4FE2046D2846B4B1C2CD63 /* Muli-SemiBoldItalic.ttf in Resources */ = {isa = PBXBuildFile; fileRef = F27284D8461B4319A3BE751F /* Muli-SemiBoldItalic.ttf */; };
		DB5B82428EF64F97A48F1DEF /* Nunito-Black.ttf in Resources */ = {isa = PBXBuildFile; fileRef = FAAD01EAB0DD44449F56B088 /* Nunito-Black.ttf */; };
		9D7265E771EF48CF9CA709C4 /* Nunito-BlackItalic.ttf in Resources */ = {isa = PBXBuildFile; fileRef = AB70B2E6568D4BD2A55EAC91 /* Nunito-BlackItalic.ttf */; };
		2D2DFF89C1054D18911780A0 /* Nunito-Bold.ttf in Resources */ = {isa = PBXBuildFile; fileRef = 3AB4F1F8DE414E57B870F919 /* Nunito-Bold.ttf */; };
		29E11C7611AB412A89D26A09 /* Nunito-BoldItalic.ttf in Resources */ = {isa = PBXBuildFile; fileRef = EA090E31CB1948D59FB435C9 /* Nunito-BoldItalic.ttf */; };
		36EB5E6B37D7450E9B5D23F5 /* Nunito-ExtraBold.ttf in Resources */ = {isa = PBXBuildFile; fileRef = C3240EA7EBF74B04A7B180B2 /* Nunito-ExtraBold.ttf */; };
		6028D45F902C4E209738D0C2 /* Nunito-ExtraBoldItalic.ttf in Resources */ = {isa = PBXBuildFile; fileRef = 35FC2653C2D042E89F37757A /* Nunito-ExtraBoldItalic.ttf */; };
		69DB55BA62BC482BA7A955B2 /* Nunito-ExtraLight.ttf in Resources */ = {isa = PBXBuildFile; fileRef = 7640F713959A46F3B63FE6EA /* Nunito-ExtraLight.ttf */; };
		7C19E13C5D7F40CBACC1F589 /* Nunito-ExtraLightItalic.ttf in Resources */ = {isa = PBXBuildFile; fileRef = F73623F5AEDF452CB903C3C4 /* Nunito-ExtraLightItalic.ttf */; };
		AE242500A10E414986F135BF /* Nunito-Italic.ttf in Resources */ = {isa = PBXBuildFile; fileRef = 0F2EB47451E646DAA0071767 /* Nunito-Italic.ttf */; };
		49B275EF8CE34A3CA7302EB3 /* Nunito-Light.ttf in Resources */ = {isa = PBXBuildFile; fileRef = FDA2F6B4E756496490808474 /* Nunito-Light.ttf */; };
		E67A2872DD684D01B07EB0E2 /* Nunito-LightItalic.ttf in Resources */ = {isa = PBXBuildFile; fileRef = F312B3E79F80497AAA562062 /* Nunito-LightItalic.ttf */; };
		26F668A3C76F42F7A096C90E /* Nunito-Regular.ttf in Resources */ = {isa = PBXBuildFile; fileRef = 145E7950AA2642D48856F33D /* Nunito-Regular.ttf */; };
		5EAA9C6A898D4939A6F4829D /* Nunito-SemiBold.ttf in Resources */ = {isa = PBXBuildFile; fileRef = A8CDAED87CF94E70B9FB58F2 /* Nunito-SemiBold.ttf */; };
		D1F8C2EF13E14A37940BEBCB /* Nunito-SemiBoldItalic.ttf in Resources */ = {isa = PBXBuildFile; fileRef = 1CE835801FE2485EB93E74B5 /* Nunito-SemiBoldItalic.ttf */; };
		2AEEF2DD5F414F90A772CA6F /* OpenSans-Bold.ttf in Resources */ = {isa = PBXBuildFile; fileRef = 415C7D7A81154C53BFDAB45C /* OpenSans-Bold.ttf */; };
		C6F6E097CB05439C9FA0E3A9 /* OpenSans-BoldItalic.ttf in Resources */ = {isa = PBXBuildFile; fileRef = C47AC804043B43DB8BB2434F /* OpenSans-BoldItalic.ttf */; };
		6B6831B963F04668AADE682C /* OpenSans-ExtraBold.ttf in Resources */ = {isa = PBXBuildFile; fileRef = FE0B98ACBD8440C886C1C868 /* OpenSans-ExtraBold.ttf */; };
		913FD271273B4CD1A84305E3 /* OpenSans-ExtraBoldItalic.ttf in Resources */ = {isa = PBXBuildFile; fileRef = 9B97193023CB45F5897C9A98 /* OpenSans-ExtraBoldItalic.ttf */; };
		730E6306745F4E68ACA3CFED /* OpenSans-Italic.ttf in Resources */ = {isa = PBXBuildFile; fileRef = 0F3E4C1666114021BA2B1B45 /* OpenSans-Italic.ttf */; };
		F0D3F29C231243AEB1A4BEC0 /* OpenSans-Light.ttf in Resources */ = {isa = PBXBuildFile; fileRef = C38AB73321CB4D5FB9D9CE5E /* OpenSans-Light.ttf */; };
		0F495799F7CE4847A7E1BA33 /* OpenSans-LightItalic.ttf in Resources */ = {isa = PBXBuildFile; fileRef = 568F497271C74088A13B3742 /* OpenSans-LightItalic.ttf */; };
		E8F551432D2640C081D35937 /* OpenSans-Regular.ttf in Resources */ = {isa = PBXBuildFile; fileRef = 39AD02B27DC543A3ACE833F5 /* OpenSans-Regular.ttf */; };
		2F7F1FB6B69A4A108AF1ADE3 /* OpenSans-SemiBold.ttf in Resources */ = {isa = PBXBuildFile; fileRef = BE64A2FC2A2D412AB81DF330 /* OpenSans-SemiBold.ttf */; };
		5D8535F3098845BEB0836CC2 /* OpenSans-SemiBoldItalic.ttf in Resources */ = {isa = PBXBuildFile; fileRef = 95848D03D71D423285BDDDC9 /* OpenSans-SemiBoldItalic.ttf */; };
		7310E346EBD94AD199D7CE9B /* TitilliumWeb-Black.ttf in Resources */ = {isa = PBXBuildFile; fileRef = 3FF69BF1A6A5499880B030B4 /* TitilliumWeb-Black.ttf */; };
		0D06CB18A89544E5BD1DF67E /* TitilliumWeb-Bold.ttf in Resources */ = {isa = PBXBuildFile; fileRef = BA428E231C7B47BFA08A6DFE /* TitilliumWeb-Bold.ttf */; };
		53F57264455C48A388FBF6DF /* TitilliumWeb-BoldItalic.ttf in Resources */ = {isa = PBXBuildFile; fileRef = A93EE6ACB86C48A58476ACBD /* TitilliumWeb-BoldItalic.ttf */; };
		CA10F142E9CF4CC2896B29B7 /* TitilliumWeb-ExtraLight.ttf in Resources */ = {isa = PBXBuildFile; fileRef = FA170BF38C1841378B05D4B6 /* TitilliumWeb-ExtraLight.ttf */; };
		9915241184304A17B6A24F6F /* TitilliumWeb-ExtraLightItalic.ttf in Resources */ = {isa = PBXBuildFile; fileRef = 8F8F562A03964E3FA0328291 /* TitilliumWeb-ExtraLightItalic.ttf */; };
		DFA47E0BE8AF4E25A861B6C9 /* TitilliumWeb-Italic.ttf in Resources */ = {isa = PBXBuildFile; fileRef = 3005359568EC41C4BB312DA9 /* TitilliumWeb-Italic.ttf */; };
		ACEAB27E1EEA42589CCB3619 /* TitilliumWeb-Light.ttf in Resources */ = {isa = PBXBuildFile; fileRef = 5E00EEB1861642019C0A26A1 /* TitilliumWeb-Light.ttf */; };
		50AB4241EE174363A03722F5 /* TitilliumWeb-LightItalic.ttf in Resources */ = {isa = PBXBuildFile; fileRef = 963273292AC34748BE0343A8 /* TitilliumWeb-LightItalic.ttf */; };
		1E3685B0779A48B7AADD6FA7 /* TitilliumWeb-Regular.ttf in Resources */ = {isa = PBXBuildFile; fileRef = 9F1CAC6587624EBDA5BEF4AC /* TitilliumWeb-Regular.ttf */; };
		91819CD9805D4383A7AC0BA3 /* TitilliumWeb-SemiBold.ttf in Resources */ = {isa = PBXBuildFile; fileRef = E6762DCE7CCA4BF6BFADAFCA /* TitilliumWeb-SemiBold.ttf */; };
		057E0EFFD384449C85404EE2 /* TitilliumWeb-SemiBoldItalic.ttf in Resources */ = {isa = PBXBuildFile; fileRef = 13A56E2A09D44CCFB697AB0D /* TitilliumWeb-SemiBoldItalic.ttf */; };
/* End PBXBuildFile section */

/* Begin PBXContainerItemProxy section */
		00E356F41AD99517003FC87E /* PBXContainerItemProxy */ = {
			isa = PBXContainerItemProxy;
			containerPortal = 83CBB9F71A601CBA00E9B192 /* Project object */;
			proxyType = 1;
			remoteGlobalIDString = 13B07F861A680F5B00A75B9A;
			remoteInfo = JustNews;
		};
		2D02E4911E0B4A5D006451C7 /* PBXContainerItemProxy */ = {
			isa = PBXContainerItemProxy;
			containerPortal = 83CBB9F71A601CBA00E9B192 /* Project object */;
			proxyType = 1;
			remoteGlobalIDString = 2D02E47A1E0B4A5D006451C7;
			remoteInfo = "JustNews-tvOS";
		};
/* End PBXContainerItemProxy section */

/* Begin PBXFileReference section */
		008F07F21AC5B25A0029DE68 /* main.jsbundle */ = {isa = PBXFileReference; fileEncoding = 4; lastKnownFileType = text; path = main.jsbundle; sourceTree = "<group>"; };
		00E356EE1AD99517003FC87E /* JustNewsTests.xctest */ = {isa = PBXFileReference; explicitFileType = wrapper.cfbundle; includeInIndex = 0; path = JustNewsTests.xctest; sourceTree = BUILT_PRODUCTS_DIR; };
		00E356F11AD99517003FC87E /* Info.plist */ = {isa = PBXFileReference; lastKnownFileType = text.plist.xml; path = Info.plist; sourceTree = "<group>"; };
		00E356F21AD99517003FC87E /* JustNewsTests.m */ = {isa = PBXFileReference; lastKnownFileType = sourcecode.c.objc; path = JustNewsTests.m; sourceTree = "<group>"; };
		13B07F961A680F5B00A75B9A /* JustNews.app */ = {isa = PBXFileReference; explicitFileType = wrapper.application; includeInIndex = 0; path = JustNews.app; sourceTree = BUILT_PRODUCTS_DIR; };
		13B07FAF1A68108700A75B9A /* AppDelegate.h */ = {isa = PBXFileReference; fileEncoding = 4; lastKnownFileType = sourcecode.c.h; name = AppDelegate.h; path = JustNews/AppDelegate.h; sourceTree = "<group>"; };
		13B07FB01A68108700A75B9A /* AppDelegate.m */ = {isa = PBXFileReference; fileEncoding = 4; lastKnownFileType = sourcecode.c.objc; name = AppDelegate.m; path = JustNews/AppDelegate.m; sourceTree = "<group>"; };
		13B07FB21A68108700A75B9A /* Base */ = {isa = PBXFileReference; lastKnownFileType = file.xib; name = Base; path = Base.lproj/LaunchScreen.xib; sourceTree = "<group>"; };
		13B07FB51A68108700A75B9A /* Images.xcassets */ = {isa = PBXFileReference; lastKnownFileType = folder.assetcatalog; name = Images.xcassets; path = JustNews/Images.xcassets; sourceTree = "<group>"; };
		13B07FB61A68108700A75B9A /* Info.plist */ = {isa = PBXFileReference; fileEncoding = 4; lastKnownFileType = text.plist.xml; name = Info.plist; path = JustNews/Info.plist; sourceTree = "<group>"; };
		13B07FB71A68108700A75B9A /* main.m */ = {isa = PBXFileReference; fileEncoding = 4; lastKnownFileType = sourcecode.c.objc; name = main.m; path = JustNews/main.m; sourceTree = "<group>"; };
		2D02E47B1E0B4A5D006451C7 /* JustNews-tvOS.app */ = {isa = PBXFileReference; explicitFileType = wrapper.application; includeInIndex = 0; path = "JustNews-tvOS.app"; sourceTree = BUILT_PRODUCTS_DIR; };
		2D02E4901E0B4A5D006451C7 /* JustNews-tvOSTests.xctest */ = {isa = PBXFileReference; explicitFileType = wrapper.cfbundle; includeInIndex = 0; path = "JustNews-tvOSTests.xctest"; sourceTree = BUILT_PRODUCTS_DIR; };
		ED297162215061F000B7C4FE /* JavaScriptCore.framework */ = {isa = PBXFileReference; lastKnownFileType = wrapper.framework; name = JavaScriptCore.framework; path = System/Library/Frameworks/JavaScriptCore.framework; sourceTree = SDKROOT; };
		ED2971642150620600B7C4FE /* JavaScriptCore.framework */ = {isa = PBXFileReference; lastKnownFileType = wrapper.framework; name = JavaScriptCore.framework; path = Platforms/AppleTVOS.platform/Developer/SDKs/AppleTVOS12.0.sdk/System/Library/Frameworks/JavaScriptCore.framework; sourceTree = DEVELOPER_DIR; };
		D6281F23B3964FB2BB16F85D /* AntDesign.ttf */ = {isa = PBXFileReference; name = "AntDesign.ttf"; path = "../node_modules/react-native-vector-icons/Fonts/AntDesign.ttf"; sourceTree = "<group>"; fileEncoding = undefined; lastKnownFileType = unknown; explicitFileType = undefined; includeInIndex = 0; };
		4400A4B3283E4BA1B2D4400F /* Entypo.ttf */ = {isa = PBXFileReference; name = "Entypo.ttf"; path = "../node_modules/react-native-vector-icons/Fonts/Entypo.ttf"; sourceTree = "<group>"; fileEncoding = undefined; lastKnownFileType = unknown; explicitFileType = undefined; includeInIndex = 0; };
		7D710AE0996D4017846356DF /* EvilIcons.ttf */ = {isa = PBXFileReference; name = "EvilIcons.ttf"; path = "../node_modules/react-native-vector-icons/Fonts/EvilIcons.ttf"; sourceTree = "<group>"; fileEncoding = undefined; lastKnownFileType = unknown; explicitFileType = undefined; includeInIndex = 0; };
		7CA702744F7B4FA29E6EF101 /* Feather.ttf */ = {isa = PBXFileReference; name = "Feather.ttf"; path = "../node_modules/react-native-vector-icons/Fonts/Feather.ttf"; sourceTree = "<group>"; fileEncoding = undefined; lastKnownFileType = unknown; explicitFileType = undefined; includeInIndex = 0; };
		38CEEE463C6B44BA8EA5064A /* FontAwesome.ttf */ = {isa = PBXFileReference; name = "FontAwesome.ttf"; path = "../node_modules/react-native-vector-icons/Fonts/FontAwesome.ttf"; sourceTree = "<group>"; fileEncoding = undefined; lastKnownFileType = unknown; explicitFileType = undefined; includeInIndex = 0; };
		22DD4B183FD0410A988FB764 /* FontAwesome5_Brands.ttf */ = {isa = PBXFileReference; name = "FontAwesome5_Brands.ttf"; path = "../node_modules/react-native-vector-icons/Fonts/FontAwesome5_Brands.ttf"; sourceTree = "<group>"; fileEncoding = undefined; lastKnownFileType = unknown; explicitFileType = undefined; includeInIndex = 0; };
		CBB5FE9B18D9429DB9E49B50 /* FontAwesome5_Regular.ttf */ = {isa = PBXFileReference; name = "FontAwesome5_Regular.ttf"; path = "../node_modules/react-native-vector-icons/Fonts/FontAwesome5_Regular.ttf"; sourceTree = "<group>"; fileEncoding = undefined; lastKnownFileType = unknown; explicitFileType = undefined; includeInIndex = 0; };
		45C788CE1F7248A0879E82A9 /* FontAwesome5_Solid.ttf */ = {isa = PBXFileReference; name = "FontAwesome5_Solid.ttf"; path = "../node_modules/react-native-vector-icons/Fonts/FontAwesome5_Solid.ttf"; sourceTree = "<group>"; fileEncoding = undefined; lastKnownFileType = unknown; explicitFileType = undefined; includeInIndex = 0; };
		7AA5A777FC8446EF8456E530 /* Fontisto.ttf */ = {isa = PBXFileReference; name = "Fontisto.ttf"; path = "../node_modules/react-native-vector-icons/Fonts/Fontisto.ttf"; sourceTree = "<group>"; fileEncoding = undefined; lastKnownFileType = unknown; explicitFileType = undefined; includeInIndex = 0; };
		3E717096CAFB46838D54D13C /* Foundation.ttf */ = {isa = PBXFileReference; name = "Foundation.ttf"; path = "../node_modules/react-native-vector-icons/Fonts/Foundation.ttf"; sourceTree = "<group>"; fileEncoding = undefined; lastKnownFileType = unknown; explicitFileType = undefined; includeInIndex = 0; };
		A24F0E2E65EF445D8E88E52D /* Ionicons.ttf */ = {isa = PBXFileReference; name = "Ionicons.ttf"; path = "../node_modules/react-native-vector-icons/Fonts/Ionicons.ttf"; sourceTree = "<group>"; fileEncoding = undefined; lastKnownFileType = unknown; explicitFileType = undefined; includeInIndex = 0; };
		6964FB37236A412F849700E6 /* MaterialCommunityIcons.ttf */ = {isa = PBXFileReference; name = "MaterialCommunityIcons.ttf"; path = "../node_modules/react-native-vector-icons/Fonts/MaterialCommunityIcons.ttf"; sourceTree = "<group>"; fileEncoding = undefined; lastKnownFileType = unknown; explicitFileType = undefined; includeInIndex = 0; };
		371FEB1FB43F4BAC89A43811 /* MaterialIcons.ttf */ = {isa = PBXFileReference; name = "MaterialIcons.ttf"; path = "../node_modules/react-native-vector-icons/Fonts/MaterialIcons.ttf"; sourceTree = "<group>"; fileEncoding = undefined; lastKnownFileType = unknown; explicitFileType = undefined; includeInIndex = 0; };
		9533705174ED43CA9FF837B3 /* Octicons.ttf */ = {isa = PBXFileReference; name = "Octicons.ttf"; path = "../node_modules/react-native-vector-icons/Fonts/Octicons.ttf"; sourceTree = "<group>"; fileEncoding = undefined; lastKnownFileType = unknown; explicitFileType = undefined; includeInIndex = 0; };
		55A5686EFCE0434283059E28 /* SimpleLineIcons.ttf */ = {isa = PBXFileReference; name = "SimpleLineIcons.ttf"; path = "../node_modules/react-native-vector-icons/Fonts/SimpleLineIcons.ttf"; sourceTree = "<group>"; fileEncoding = undefined; lastKnownFileType = unknown; explicitFileType = undefined; includeInIndex = 0; };
		C5781AD47D524B84B784C448 /* Zocial.ttf */ = {isa = PBXFileReference; name = "Zocial.ttf"; path = "../node_modules/react-native-vector-icons/Fonts/Zocial.ttf"; sourceTree = "<group>"; fileEncoding = undefined; lastKnownFileType = unknown; explicitFileType = undefined; includeInIndex = 0; };
		C200A261A6B84CDDA8DAFA91 /* KulimPark-Bold.ttf */ = {isa = PBXFileReference; name = "KulimPark-Bold.ttf"; path = "../src/assets/fonts/KulimPark-Bold.ttf"; sourceTree = "<group>"; fileEncoding = undefined; lastKnownFileType = unknown; explicitFileType = undefined; includeInIndex = 0; };
		DAC4A5C9FCBE414B80C2D58B /* KulimPark-BoldItalic.ttf */ = {isa = PBXFileReference; name = "KulimPark-BoldItalic.ttf"; path = "../src/assets/fonts/KulimPark-BoldItalic.ttf"; sourceTree = "<group>"; fileEncoding = undefined; lastKnownFileType = unknown; explicitFileType = undefined; includeInIndex = 0; };
		4574E68580F44C928D3B52AE /* KulimPark-ExtraLight.ttf */ = {isa = PBXFileReference; name = "KulimPark-ExtraLight.ttf"; path = "../src/assets/fonts/KulimPark-ExtraLight.ttf"; sourceTree = "<group>"; fileEncoding = undefined; lastKnownFileType = unknown; explicitFileType = undefined; includeInIndex = 0; };
		8CC9D4CBD40B4347A2ADCBBA /* KulimPark-ExtraLightItalic.ttf */ = {isa = PBXFileReference; name = "KulimPark-ExtraLightItalic.ttf"; path = "../src/assets/fonts/KulimPark-ExtraLightItalic.ttf"; sourceTree = "<group>"; fileEncoding = undefined; lastKnownFileType = unknown; explicitFileType = undefined; includeInIndex = 0; };
		BA90DAD29FBA465FAEB19477 /* KulimPark-Italic.ttf */ = {isa = PBXFileReference; name = "KulimPark-Italic.ttf"; path = "../src/assets/fonts/KulimPark-Italic.ttf"; sourceTree = "<group>"; fileEncoding = undefined; lastKnownFileType = unknown; explicitFileType = undefined; includeInIndex = 0; };
		D3E88CF4FD604726AB610AF2 /* KulimPark-Light.ttf */ = {isa = PBXFileReference; name = "KulimPark-Light.ttf"; path = "../src/assets/fonts/KulimPark-Light.ttf"; sourceTree = "<group>"; fileEncoding = undefined; lastKnownFileType = unknown; explicitFileType = undefined; includeInIndex = 0; };
		A34984322B73477A93F4DB8A /* KulimPark-LightItalic.ttf */ = {isa = PBXFileReference; name = "KulimPark-LightItalic.ttf"; path = "../src/assets/fonts/KulimPark-LightItalic.ttf"; sourceTree = "<group>"; fileEncoding = undefined; lastKnownFileType = unknown; explicitFileType = undefined; includeInIndex = 0; };
		D23AC3002E804F8EB08D0F08 /* KulimPark-Regular.ttf */ = {isa = PBXFileReference; name = "KulimPark-Regular.ttf"; path = "../src/assets/fonts/KulimPark-Regular.ttf"; sourceTree = "<group>"; fileEncoding = undefined; lastKnownFileType = unknown; explicitFileType = undefined; includeInIndex = 0; };
		5BC4AA4BC37B410887C6D8FB /* KulimPark-SemiBold.ttf */ = {isa = PBXFileReference; name = "KulimPark-SemiBold.ttf"; path = "../src/assets/fonts/KulimPark-SemiBold.ttf"; sourceTree = "<group>"; fileEncoding = undefined; lastKnownFileType = unknown; explicitFileType = undefined; includeInIndex = 0; };
		62287F22D60D49F9B3DFAD5D /* KulimPark-SemiBoldItalic.ttf */ = {isa = PBXFileReference; name = "KulimPark-SemiBoldItalic.ttf"; path = "../src/assets/fonts/KulimPark-SemiBoldItalic.ttf"; sourceTree = "<group>"; fileEncoding = undefined; lastKnownFileType = unknown; explicitFileType = undefined; includeInIndex = 0; };
		44265B0EAF0F49D88E1AC2A8 /* Montserrat-Black.ttf */ = {isa = PBXFileReference; name = "Montserrat-Black.ttf"; path = "../src/assets/fonts/Montserrat-Black.ttf"; sourceTree = "<group>"; fileEncoding = undefined; lastKnownFileType = unknown; explicitFileType = undefined; includeInIndex = 0; };
		02EBA4A879AA4A8DA863F3F0 /* Montserrat-BlackItalic.ttf */ = {isa = PBXFileReference; name = "Montserrat-BlackItalic.ttf"; path = "../src/assets/fonts/Montserrat-BlackItalic.ttf"; sourceTree = "<group>"; fileEncoding = undefined; lastKnownFileType = unknown; explicitFileType = undefined; includeInIndex = 0; };
		619DB9EF26214E7791AC6CA7 /* Montserrat-Bold.ttf */ = {isa = PBXFileReference; name = "Montserrat-Bold.ttf"; path = "../src/assets/fonts/Montserrat-Bold.ttf"; sourceTree = "<group>"; fileEncoding = undefined; lastKnownFileType = unknown; explicitFileType = undefined; includeInIndex = 0; };
		5BFD025917134976B416CA1B /* Montserrat-BoldItalic.ttf */ = {isa = PBXFileReference; name = "Montserrat-BoldItalic.ttf"; path = "../src/assets/fonts/Montserrat-BoldItalic.ttf"; sourceTree = "<group>"; fileEncoding = undefined; lastKnownFileType = unknown; explicitFileType = undefined; includeInIndex = 0; };
		B504D26F2BB44E8D96B6A8CD /* Montserrat-ExtraBold.ttf */ = {isa = PBXFileReference; name = "Montserrat-ExtraBold.ttf"; path = "../src/assets/fonts/Montserrat-ExtraBold.ttf"; sourceTree = "<group>"; fileEncoding = undefined; lastKnownFileType = unknown; explicitFileType = undefined; includeInIndex = 0; };
		A79EC24997394E489D6CC46E /* Montserrat-ExtraBoldItalic.ttf */ = {isa = PBXFileReference; name = "Montserrat-ExtraBoldItalic.ttf"; path = "../src/assets/fonts/Montserrat-ExtraBoldItalic.ttf"; sourceTree = "<group>"; fileEncoding = undefined; lastKnownFileType = unknown; explicitFileType = undefined; includeInIndex = 0; };
		72565BEC284A415BBC494B5C /* Montserrat-ExtraLight.ttf */ = {isa = PBXFileReference; name = "Montserrat-ExtraLight.ttf"; path = "../src/assets/fonts/Montserrat-ExtraLight.ttf"; sourceTree = "<group>"; fileEncoding = undefined; lastKnownFileType = unknown; explicitFileType = undefined; includeInIndex = 0; };
		6CAF3F36EEFA469AB7C65263 /* Montserrat-ExtraLightItalic.ttf */ = {isa = PBXFileReference; name = "Montserrat-ExtraLightItalic.ttf"; path = "../src/assets/fonts/Montserrat-ExtraLightItalic.ttf"; sourceTree = "<group>"; fileEncoding = undefined; lastKnownFileType = unknown; explicitFileType = undefined; includeInIndex = 0; };
		5ED0229B780E4655AA02CFE3 /* Montserrat-Italic.ttf */ = {isa = PBXFileReference; name = "Montserrat-Italic.ttf"; path = "../src/assets/fonts/Montserrat-Italic.ttf"; sourceTree = "<group>"; fileEncoding = undefined; lastKnownFileType = unknown; explicitFileType = undefined; includeInIndex = 0; };
		9507845FF9DD4F76B7768812 /* Montserrat-Light.ttf */ = {isa = PBXFileReference; name = "Montserrat-Light.ttf"; path = "../src/assets/fonts/Montserrat-Light.ttf"; sourceTree = "<group>"; fileEncoding = undefined; lastKnownFileType = unknown; explicitFileType = undefined; includeInIndex = 0; };
		39F63D0E241144FCB344C8BF /* Montserrat-LightItalic.ttf */ = {isa = PBXFileReference; name = "Montserrat-LightItalic.ttf"; path = "../src/assets/fonts/Montserrat-LightItalic.ttf"; sourceTree = "<group>"; fileEncoding = undefined; lastKnownFileType = unknown; explicitFileType = undefined; includeInIndex = 0; };
		8A95FF90EE114C2EA0BE33E9 /* Montserrat-Medium.ttf */ = {isa = PBXFileReference; name = "Montserrat-Medium.ttf"; path = "../src/assets/fonts/Montserrat-Medium.ttf"; sourceTree = "<group>"; fileEncoding = undefined; lastKnownFileType = unknown; explicitFileType = undefined; includeInIndex = 0; };
		AB52BC7406994F638968C6B8 /* Montserrat-MediumItalic.ttf */ = {isa = PBXFileReference; name = "Montserrat-MediumItalic.ttf"; path = "../src/assets/fonts/Montserrat-MediumItalic.ttf"; sourceTree = "<group>"; fileEncoding = undefined; lastKnownFileType = unknown; explicitFileType = undefined; includeInIndex = 0; };
		8DBE368B20704A80B636F2E8 /* Montserrat-Regular.ttf */ = {isa = PBXFileReference; name = "Montserrat-Regular.ttf"; path = "../src/assets/fonts/Montserrat-Regular.ttf"; sourceTree = "<group>"; fileEncoding = undefined; lastKnownFileType = unknown; explicitFileType = undefined; includeInIndex = 0; };
		DCB6E5D370C44A528BA1EE43 /* Montserrat-SemiBold.ttf */ = {isa = PBXFileReference; name = "Montserrat-SemiBold.ttf"; path = "../src/assets/fonts/Montserrat-SemiBold.ttf"; sourceTree = "<group>"; fileEncoding = undefined; lastKnownFileType = unknown; explicitFileType = undefined; includeInIndex = 0; };
		32C8799EAD5F413185C84CFB /* Montserrat-SemiBoldItalic.ttf */ = {isa = PBXFileReference; name = "Montserrat-SemiBoldItalic.ttf"; path = "../src/assets/fonts/Montserrat-SemiBoldItalic.ttf"; sourceTree = "<group>"; fileEncoding = undefined; lastKnownFileType = unknown; explicitFileType = undefined; includeInIndex = 0; };
		3F4085F716D1485A98D53DDC /* Montserrat-Thin.ttf */ = {isa = PBXFileReference; name = "Montserrat-Thin.ttf"; path = "../src/assets/fonts/Montserrat-Thin.ttf"; sourceTree = "<group>"; fileEncoding = undefined; lastKnownFileType = unknown; explicitFileType = undefined; includeInIndex = 0; };
		97E0803026604FD09150A57D /* Montserrat-ThinItalic.ttf */ = {isa = PBXFileReference; name = "Montserrat-ThinItalic.ttf"; path = "../src/assets/fonts/Montserrat-ThinItalic.ttf"; sourceTree = "<group>"; fileEncoding = undefined; lastKnownFileType = unknown; explicitFileType = undefined; includeInIndex = 0; };
		85960932AA554446A362C1BF /* Muli-Black.ttf */ = {isa = PBXFileReference; name = "Muli-Black.ttf"; path = "../src/assets/fonts/Muli-Black.ttf"; sourceTree = "<group>"; fileEncoding = undefined; lastKnownFileType = unknown; explicitFileType = undefined; includeInIndex = 0; };
		AD233EEA61F74E92BD380A99 /* Muli-BlackItalic.ttf */ = {isa = PBXFileReference; name = "Muli-BlackItalic.ttf"; path = "../src/assets/fonts/Muli-BlackItalic.ttf"; sourceTree = "<group>"; fileEncoding = undefined; lastKnownFileType = unknown; explicitFileType = undefined; includeInIndex = 0; };
		2644CCE46ADF46F2AB867E93 /* Muli-Bold.ttf */ = {isa = PBXFileReference; name = "Muli-Bold.ttf"; path = "../src/assets/fonts/Muli-Bold.ttf"; sourceTree = "<group>"; fileEncoding = undefined; lastKnownFileType = unknown; explicitFileType = undefined; includeInIndex = 0; };
		8C46ED1CEC1644AA81F86E2F /* Muli-BoldItalic.ttf */ = {isa = PBXFileReference; name = "Muli-BoldItalic.ttf"; path = "../src/assets/fonts/Muli-BoldItalic.ttf"; sourceTree = "<group>"; fileEncoding = undefined; lastKnownFileType = unknown; explicitFileType = undefined; includeInIndex = 0; };
		7103E195C31D4CB88C3A5B9A /* Muli-ExtraBold.ttf */ = {isa = PBXFileReference; name = "Muli-ExtraBold.ttf"; path = "../src/assets/fonts/Muli-ExtraBold.ttf"; sourceTree = "<group>"; fileEncoding = undefined; lastKnownFileType = unknown; explicitFileType = undefined; includeInIndex = 0; };
		AA6C0010B3EF4CA7BE4C8565 /* Muli-ExtraBoldItalic.ttf */ = {isa = PBXFileReference; name = "Muli-ExtraBoldItalic.ttf"; path = "../src/assets/fonts/Muli-ExtraBoldItalic.ttf"; sourceTree = "<group>"; fileEncoding = undefined; lastKnownFileType = unknown; explicitFileType = undefined; includeInIndex = 0; };
		681A6C575BFC42178D8711AC /* Muli-ExtraLight.ttf */ = {isa = PBXFileReference; name = "Muli-ExtraLight.ttf"; path = "../src/assets/fonts/Muli-ExtraLight.ttf"; sourceTree = "<group>"; fileEncoding = undefined; lastKnownFileType = unknown; explicitFileType = undefined; includeInIndex = 0; };
		2C13E6A8FC584CB99D2C0FD6 /* Muli-ExtraLightItalic.ttf */ = {isa = PBXFileReference; name = "Muli-ExtraLightItalic.ttf"; path = "../src/assets/fonts/Muli-ExtraLightItalic.ttf"; sourceTree = "<group>"; fileEncoding = undefined; lastKnownFileType = unknown; explicitFileType = undefined; includeInIndex = 0; };
		218D4EF5D0AA4EF0A0EA79D9 /* Muli-Italic.ttf */ = {isa = PBXFileReference; name = "Muli-Italic.ttf"; path = "../src/assets/fonts/Muli-Italic.ttf"; sourceTree = "<group>"; fileEncoding = undefined; lastKnownFileType = unknown; explicitFileType = undefined; includeInIndex = 0; };
		AEFDB2EDF64347309C24E3EE /* Muli-Light.ttf */ = {isa = PBXFileReference; name = "Muli-Light.ttf"; path = "../src/assets/fonts/Muli-Light.ttf"; sourceTree = "<group>"; fileEncoding = undefined; lastKnownFileType = unknown; explicitFileType = undefined; includeInIndex = 0; };
		C2C6DE33BA9B41B2A76CEC17 /* Muli-LightItalic.ttf */ = {isa = PBXFileReference; name = "Muli-LightItalic.ttf"; path = "../src/assets/fonts/Muli-LightItalic.ttf"; sourceTree = "<group>"; fileEncoding = undefined; lastKnownFileType = unknown; explicitFileType = undefined; includeInIndex = 0; };
		70C4FBBD76084409834EBC33 /* Muli-Medium.ttf */ = {isa = PBXFileReference; name = "Muli-Medium.ttf"; path = "../src/assets/fonts/Muli-Medium.ttf"; sourceTree = "<group>"; fileEncoding = undefined; lastKnownFileType = unknown; explicitFileType = undefined; includeInIndex = 0; };
		9EC604691CA84B87B603F63C /* Muli-MediumItalic.ttf */ = {isa = PBXFileReference; name = "Muli-MediumItalic.ttf"; path = "../src/assets/fonts/Muli-MediumItalic.ttf"; sourceTree = "<group>"; fileEncoding = undefined; lastKnownFileType = unknown; explicitFileType = undefined; includeInIndex = 0; };
		01C0832E9DAB4B988B61D7C5 /* Muli-Regular.ttf */ = {isa = PBXFileReference; name = "Muli-Regular.ttf"; path = "../src/assets/fonts/Muli-Regular.ttf"; sourceTree = "<group>"; fileEncoding = undefined; lastKnownFileType = unknown; explicitFileType = undefined; includeInIndex = 0; };
		5C38DC875D82478FA0FAFB3A /* Muli-SemiBold.ttf */ = {isa = PBXFileReference; name = "Muli-SemiBold.ttf"; path = "../src/assets/fonts/Muli-SemiBold.ttf"; sourceTree = "<group>"; fileEncoding = undefined; lastKnownFileType = unknown; explicitFileType = undefined; includeInIndex = 0; };
		F27284D8461B4319A3BE751F /* Muli-SemiBoldItalic.ttf */ = {isa = PBXFileReference; name = "Muli-SemiBoldItalic.ttf"; path = "../src/assets/fonts/Muli-SemiBoldItalic.ttf"; sourceTree = "<group>"; fileEncoding = undefined; lastKnownFileType = unknown; explicitFileType = undefined; includeInIndex = 0; };
		FAAD01EAB0DD44449F56B088 /* Nunito-Black.ttf */ = {isa = PBXFileReference; name = "Nunito-Black.ttf"; path = "../src/assets/fonts/Nunito-Black.ttf"; sourceTree = "<group>"; fileEncoding = undefined; lastKnownFileType = unknown; explicitFileType = undefined; includeInIndex = 0; };
		AB70B2E6568D4BD2A55EAC91 /* Nunito-BlackItalic.ttf */ = {isa = PBXFileReference; name = "Nunito-BlackItalic.ttf"; path = "../src/assets/fonts/Nunito-BlackItalic.ttf"; sourceTree = "<group>"; fileEncoding = undefined; lastKnownFileType = unknown; explicitFileType = undefined; includeInIndex = 0; };
		3AB4F1F8DE414E57B870F919 /* Nunito-Bold.ttf */ = {isa = PBXFileReference; name = "Nunito-Bold.ttf"; path = "../src/assets/fonts/Nunito-Bold.ttf"; sourceTree = "<group>"; fileEncoding = undefined; lastKnownFileType = unknown; explicitFileType = undefined; includeInIndex = 0; };
		EA090E31CB1948D59FB435C9 /* Nunito-BoldItalic.ttf */ = {isa = PBXFileReference; name = "Nunito-BoldItalic.ttf"; path = "../src/assets/fonts/Nunito-BoldItalic.ttf"; sourceTree = "<group>"; fileEncoding = undefined; lastKnownFileType = unknown; explicitFileType = undefined; includeInIndex = 0; };
		C3240EA7EBF74B04A7B180B2 /* Nunito-ExtraBold.ttf */ = {isa = PBXFileReference; name = "Nunito-ExtraBold.ttf"; path = "../src/assets/fonts/Nunito-ExtraBold.ttf"; sourceTree = "<group>"; fileEncoding = undefined; lastKnownFileType = unknown; explicitFileType = undefined; includeInIndex = 0; };
		35FC2653C2D042E89F37757A /* Nunito-ExtraBoldItalic.ttf */ = {isa = PBXFileReference; name = "Nunito-ExtraBoldItalic.ttf"; path = "../src/assets/fonts/Nunito-ExtraBoldItalic.ttf"; sourceTree = "<group>"; fileEncoding = undefined; lastKnownFileType = unknown; explicitFileType = undefined; includeInIndex = 0; };
		7640F713959A46F3B63FE6EA /* Nunito-ExtraLight.ttf */ = {isa = PBXFileReference; name = "Nunito-ExtraLight.ttf"; path = "../src/assets/fonts/Nunito-ExtraLight.ttf"; sourceTree = "<group>"; fileEncoding = undefined; lastKnownFileType = unknown; explicitFileType = undefined; includeInIndex = 0; };
		F73623F5AEDF452CB903C3C4 /* Nunito-ExtraLightItalic.ttf */ = {isa = PBXFileReference; name = "Nunito-ExtraLightItalic.ttf"; path = "../src/assets/fonts/Nunito-ExtraLightItalic.ttf"; sourceTree = "<group>"; fileEncoding = undefined; lastKnownFileType = unknown; explicitFileType = undefined; includeInIndex = 0; };
		0F2EB47451E646DAA0071767 /* Nunito-Italic.ttf */ = {isa = PBXFileReference; name = "Nunito-Italic.ttf"; path = "../src/assets/fonts/Nunito-Italic.ttf"; sourceTree = "<group>"; fileEncoding = undefined; lastKnownFileType = unknown; explicitFileType = undefined; includeInIndex = 0; };
		FDA2F6B4E756496490808474 /* Nunito-Light.ttf */ = {isa = PBXFileReference; name = "Nunito-Light.ttf"; path = "../src/assets/fonts/Nunito-Light.ttf"; sourceTree = "<group>"; fileEncoding = undefined; lastKnownFileType = unknown; explicitFileType = undefined; includeInIndex = 0; };
		F312B3E79F80497AAA562062 /* Nunito-LightItalic.ttf */ = {isa = PBXFileReference; name = "Nunito-LightItalic.ttf"; path = "../src/assets/fonts/Nunito-LightItalic.ttf"; sourceTree = "<group>"; fileEncoding = undefined; lastKnownFileType = unknown; explicitFileType = undefined; includeInIndex = 0; };
		145E7950AA2642D48856F33D /* Nunito-Regular.ttf */ = {isa = PBXFileReference; name = "Nunito-Regular.ttf"; path = "../src/assets/fonts/Nunito-Regular.ttf"; sourceTree = "<group>"; fileEncoding = undefined; lastKnownFileType = unknown; explicitFileType = undefined; includeInIndex = 0; };
		A8CDAED87CF94E70B9FB58F2 /* Nunito-SemiBold.ttf */ = {isa = PBXFileReference; name = "Nunito-SemiBold.ttf"; path = "../src/assets/fonts/Nunito-SemiBold.ttf"; sourceTree = "<group>"; fileEncoding = undefined; lastKnownFileType = unknown; explicitFileType = undefined; includeInIndex = 0; };
		1CE835801FE2485EB93E74B5 /* Nunito-SemiBoldItalic.ttf */ = {isa = PBXFileReference; name = "Nunito-SemiBoldItalic.ttf"; path = "../src/assets/fonts/Nunito-SemiBoldItalic.ttf"; sourceTree = "<group>"; fileEncoding = undefined; lastKnownFileType = unknown; explicitFileType = undefined; includeInIndex = 0; };
		415C7D7A81154C53BFDAB45C /* OpenSans-Bold.ttf */ = {isa = PBXFileReference; name = "OpenSans-Bold.ttf"; path = "../src/assets/fonts/OpenSans-Bold.ttf"; sourceTree = "<group>"; fileEncoding = undefined; lastKnownFileType = unknown; explicitFileType = undefined; includeInIndex = 0; };
		C47AC804043B43DB8BB2434F /* OpenSans-BoldItalic.ttf */ = {isa = PBXFileReference; name = "OpenSans-BoldItalic.ttf"; path = "../src/assets/fonts/OpenSans-BoldItalic.ttf"; sourceTree = "<group>"; fileEncoding = undefined; lastKnownFileType = unknown; explicitFileType = undefined; includeInIndex = 0; };
		FE0B98ACBD8440C886C1C868 /* OpenSans-ExtraBold.ttf */ = {isa = PBXFileReference; name = "OpenSans-ExtraBold.ttf"; path = "../src/assets/fonts/OpenSans-ExtraBold.ttf"; sourceTree = "<group>"; fileEncoding = undefined; lastKnownFileType = unknown; explicitFileType = undefined; includeInIndex = 0; };
		9B97193023CB45F5897C9A98 /* OpenSans-ExtraBoldItalic.ttf */ = {isa = PBXFileReference; name = "OpenSans-ExtraBoldItalic.ttf"; path = "../src/assets/fonts/OpenSans-ExtraBoldItalic.ttf"; sourceTree = "<group>"; fileEncoding = undefined; lastKnownFileType = unknown; explicitFileType = undefined; includeInIndex = 0; };
		0F3E4C1666114021BA2B1B45 /* OpenSans-Italic.ttf */ = {isa = PBXFileReference; name = "OpenSans-Italic.ttf"; path = "../src/assets/fonts/OpenSans-Italic.ttf"; sourceTree = "<group>"; fileEncoding = undefined; lastKnownFileType = unknown; explicitFileType = undefined; includeInIndex = 0; };
		C38AB73321CB4D5FB9D9CE5E /* OpenSans-Light.ttf */ = {isa = PBXFileReference; name = "OpenSans-Light.ttf"; path = "../src/assets/fonts/OpenSans-Light.ttf"; sourceTree = "<group>"; fileEncoding = undefined; lastKnownFileType = unknown; explicitFileType = undefined; includeInIndex = 0; };
		568F497271C74088A13B3742 /* OpenSans-LightItalic.ttf */ = {isa = PBXFileReference; name = "OpenSans-LightItalic.ttf"; path = "../src/assets/fonts/OpenSans-LightItalic.ttf"; sourceTree = "<group>"; fileEncoding = undefined; lastKnownFileType = unknown; explicitFileType = undefined; includeInIndex = 0; };
		39AD02B27DC543A3ACE833F5 /* OpenSans-Regular.ttf */ = {isa = PBXFileReference; name = "OpenSans-Regular.ttf"; path = "../src/assets/fonts/OpenSans-Regular.ttf"; sourceTree = "<group>"; fileEncoding = undefined; lastKnownFileType = unknown; explicitFileType = undefined; includeInIndex = 0; };
		BE64A2FC2A2D412AB81DF330 /* OpenSans-SemiBold.ttf */ = {isa = PBXFileReference; name = "OpenSans-SemiBold.ttf"; path = "../src/assets/fonts/OpenSans-SemiBold.ttf"; sourceTree = "<group>"; fileEncoding = undefined; lastKnownFileType = unknown; explicitFileType = undefined; includeInIndex = 0; };
		95848D03D71D423285BDDDC9 /* OpenSans-SemiBoldItalic.ttf */ = {isa = PBXFileReference; name = "OpenSans-SemiBoldItalic.ttf"; path = "../src/assets/fonts/OpenSans-SemiBoldItalic.ttf"; sourceTree = "<group>"; fileEncoding = undefined; lastKnownFileType = unknown; explicitFileType = undefined; includeInIndex = 0; };
		3FF69BF1A6A5499880B030B4 /* TitilliumWeb-Black.ttf */ = {isa = PBXFileReference; name = "TitilliumWeb-Black.ttf"; path = "../src/assets/fonts/TitilliumWeb-Black.ttf"; sourceTree = "<group>"; fileEncoding = undefined; lastKnownFileType = unknown; explicitFileType = undefined; includeInIndex = 0; };
		BA428E231C7B47BFA08A6DFE /* TitilliumWeb-Bold.ttf */ = {isa = PBXFileReference; name = "TitilliumWeb-Bold.ttf"; path = "../src/assets/fonts/TitilliumWeb-Bold.ttf"; sourceTree = "<group>"; fileEncoding = undefined; lastKnownFileType = unknown; explicitFileType = undefined; includeInIndex = 0; };
		A93EE6ACB86C48A58476ACBD /* TitilliumWeb-BoldItalic.ttf */ = {isa = PBXFileReference; name = "TitilliumWeb-BoldItalic.ttf"; path = "../src/assets/fonts/TitilliumWeb-BoldItalic.ttf"; sourceTree = "<group>"; fileEncoding = undefined; lastKnownFileType = unknown; explicitFileType = undefined; includeInIndex = 0; };
		FA170BF38C1841378B05D4B6 /* TitilliumWeb-ExtraLight.ttf */ = {isa = PBXFileReference; name = "TitilliumWeb-ExtraLight.ttf"; path = "../src/assets/fonts/TitilliumWeb-ExtraLight.ttf"; sourceTree = "<group>"; fileEncoding = undefined; lastKnownFileType = unknown; explicitFileType = undefined; includeInIndex = 0; };
		8F8F562A03964E3FA0328291 /* TitilliumWeb-ExtraLightItalic.ttf */ = {isa = PBXFileReference; name = "TitilliumWeb-ExtraLightItalic.ttf"; path = "../src/assets/fonts/TitilliumWeb-ExtraLightItalic.ttf"; sourceTree = "<group>"; fileEncoding = undefined; lastKnownFileType = unknown; explicitFileType = undefined; includeInIndex = 0; };
		3005359568EC41C4BB312DA9 /* TitilliumWeb-Italic.ttf */ = {isa = PBXFileReference; name = "TitilliumWeb-Italic.ttf"; path = "../src/assets/fonts/TitilliumWeb-Italic.ttf"; sourceTree = "<group>"; fileEncoding = undefined; lastKnownFileType = unknown; explicitFileType = undefined; includeInIndex = 0; };
		5E00EEB1861642019C0A26A1 /* TitilliumWeb-Light.ttf */ = {isa = PBXFileReference; name = "TitilliumWeb-Light.ttf"; path = "../src/assets/fonts/TitilliumWeb-Light.ttf"; sourceTree = "<group>"; fileEncoding = undefined; lastKnownFileType = unknown; explicitFileType = undefined; includeInIndex = 0; };
		963273292AC34748BE0343A8 /* TitilliumWeb-LightItalic.ttf */ = {isa = PBXFileReference; name = "TitilliumWeb-LightItalic.ttf"; path = "../src/assets/fonts/TitilliumWeb-LightItalic.ttf"; sourceTree = "<group>"; fileEncoding = undefined; lastKnownFileType = unknown; explicitFileType = undefined; includeInIndex = 0; };
		9F1CAC6587624EBDA5BEF4AC /* TitilliumWeb-Regular.ttf */ = {isa = PBXFileReference; name = "TitilliumWeb-Regular.ttf"; path = "../src/assets/fonts/TitilliumWeb-Regular.ttf"; sourceTree = "<group>"; fileEncoding = undefined; lastKnownFileType = unknown; explicitFileType = undefined; includeInIndex = 0; };
		E6762DCE7CCA4BF6BFADAFCA /* TitilliumWeb-SemiBold.ttf */ = {isa = PBXFileReference; name = "TitilliumWeb-SemiBold.ttf"; path = "../src/assets/fonts/TitilliumWeb-SemiBold.ttf"; sourceTree = "<group>"; fileEncoding = undefined; lastKnownFileType = unknown; explicitFileType = undefined; includeInIndex = 0; };
		13A56E2A09D44CCFB697AB0D /* TitilliumWeb-SemiBoldItalic.ttf */ = {isa = PBXFileReference; name = "TitilliumWeb-SemiBoldItalic.ttf"; path = "../src/assets/fonts/TitilliumWeb-SemiBoldItalic.ttf"; sourceTree = "<group>"; fileEncoding = undefined; lastKnownFileType = unknown; explicitFileType = undefined; includeInIndex = 0; };
/* End PBXFileReference section */

/* Begin PBXFrameworksBuildPhase section */
		00E356EB1AD99517003FC87E /* Frameworks */ = {
			isa = PBXFrameworksBuildPhase;
			buildActionMask = 2147483647;
			files = (
			);
			runOnlyForDeploymentPostprocessing = 0;
		};
		13B07F8C1A680F5B00A75B9A /* Frameworks */ = {
			isa = PBXFrameworksBuildPhase;
			buildActionMask = 2147483647;
			files = (
			);
			runOnlyForDeploymentPostprocessing = 0;
		};
		2D02E4781E0B4A5D006451C7 /* Frameworks */ = {
			isa = PBXFrameworksBuildPhase;
			buildActionMask = 2147483647;
			files = (
			);
			runOnlyForDeploymentPostprocessing = 0;
		};
		2D02E48D1E0B4A5D006451C7 /* Frameworks */ = {
			isa = PBXFrameworksBuildPhase;
			buildActionMask = 2147483647;
			files = (
			);
			runOnlyForDeploymentPostprocessing = 0;
		};
/* End PBXFrameworksBuildPhase section */

/* Begin PBXGroup section */
		00E356EF1AD99517003FC87E /* JustNewsTests */ = {
			isa = PBXGroup;
			children = (
				00E356F21AD99517003FC87E /* JustNewsTests.m */,
				00E356F01AD99517003FC87E /* Supporting Files */,
			);
			path = JustNewsTests;
			sourceTree = "<group>";
		};
		00E356F01AD99517003FC87E /* Supporting Files */ = {
			isa = PBXGroup;
			children = (
				00E356F11AD99517003FC87E /* Info.plist */,
			);
			name = "Supporting Files";
			sourceTree = "<group>";
		};
		13B07FAE1A68108700A75B9A /* JustNews */ = {
			isa = PBXGroup;
			children = (
				008F07F21AC5B25A0029DE68 /* main.jsbundle */,
				13B07FAF1A68108700A75B9A /* AppDelegate.h */,
				13B07FB01A68108700A75B9A /* AppDelegate.m */,
				13B07FB51A68108700A75B9A /* Images.xcassets */,
				13B07FB61A68108700A75B9A /* Info.plist */,
				13B07FB11A68108700A75B9A /* LaunchScreen.xib */,
				13B07FB71A68108700A75B9A /* main.m */,
			);
			name = JustNews;
			sourceTree = "<group>";
		};
		2D16E6871FA4F8E400B85C8A /* Frameworks */ = {
			isa = PBXGroup;
			children = (
				ED297162215061F000B7C4FE /* JavaScriptCore.framework */,
				ED2971642150620600B7C4FE /* JavaScriptCore.framework */,
			);
			name = Frameworks;
			sourceTree = "<group>";
		};
		832341AE1AAA6A7D00B99B32 /* Libraries */ = {
			isa = PBXGroup;
			children = (
			);
			name = Libraries;
			sourceTree = "<group>";
		};
		83CBB9F61A601CBA00E9B192 = {
			isa = PBXGroup;
			children = (
				13B07FAE1A68108700A75B9A /* JustNews */,
				832341AE1AAA6A7D00B99B32 /* Libraries */,
				00E356EF1AD99517003FC87E /* JustNewsTests */,
				83CBBA001A601CBA00E9B192 /* Products */,
				2D16E6871FA4F8E400B85C8A /* Frameworks */,
				B565D0F1B4BB4E36BFF80DD6 /* Resources */,
			);
			indentWidth = 2;
			sourceTree = "<group>";
			tabWidth = 2;
			usesTabs = 0;
		};
		83CBBA001A601CBA00E9B192 /* Products */ = {
			isa = PBXGroup;
			children = (
				13B07F961A680F5B00A75B9A /* JustNews.app */,
				00E356EE1AD99517003FC87E /* JustNewsTests.xctest */,
				2D02E47B1E0B4A5D006451C7 /* JustNews-tvOS.app */,
				2D02E4901E0B4A5D006451C7 /* JustNews-tvOSTests.xctest */,
			);
			name = Products;
			sourceTree = "<group>";
		};
		B565D0F1B4BB4E36BFF80DD6 /* Resources */ = {
			isa = "PBXGroup";
			children = (
				D6281F23B3964FB2BB16F85D /* AntDesign.ttf */,
				4400A4B3283E4BA1B2D4400F /* Entypo.ttf */,
				7D710AE0996D4017846356DF /* EvilIcons.ttf */,
				7CA702744F7B4FA29E6EF101 /* Feather.ttf */,
				38CEEE463C6B44BA8EA5064A /* FontAwesome.ttf */,
				22DD4B183FD0410A988FB764 /* FontAwesome5_Brands.ttf */,
				CBB5FE9B18D9429DB9E49B50 /* FontAwesome5_Regular.ttf */,
				45C788CE1F7248A0879E82A9 /* FontAwesome5_Solid.ttf */,
				7AA5A777FC8446EF8456E530 /* Fontisto.ttf */,
				3E717096CAFB46838D54D13C /* Foundation.ttf */,
				A24F0E2E65EF445D8E88E52D /* Ionicons.ttf */,
				6964FB37236A412F849700E6 /* MaterialCommunityIcons.ttf */,
				371FEB1FB43F4BAC89A43811 /* MaterialIcons.ttf */,
				9533705174ED43CA9FF837B3 /* Octicons.ttf */,
				55A5686EFCE0434283059E28 /* SimpleLineIcons.ttf */,
				C5781AD47D524B84B784C448 /* Zocial.ttf */,
				C200A261A6B84CDDA8DAFA91 /* KulimPark-Bold.ttf */,
				DAC4A5C9FCBE414B80C2D58B /* KulimPark-BoldItalic.ttf */,
				4574E68580F44C928D3B52AE /* KulimPark-ExtraLight.ttf */,
				8CC9D4CBD40B4347A2ADCBBA /* KulimPark-ExtraLightItalic.ttf */,
				BA90DAD29FBA465FAEB19477 /* KulimPark-Italic.ttf */,
				D3E88CF4FD604726AB610AF2 /* KulimPark-Light.ttf */,
				A34984322B73477A93F4DB8A /* KulimPark-LightItalic.ttf */,
				D23AC3002E804F8EB08D0F08 /* KulimPark-Regular.ttf */,
				5BC4AA4BC37B410887C6D8FB /* KulimPark-SemiBold.ttf */,
				62287F22D60D49F9B3DFAD5D /* KulimPark-SemiBoldItalic.ttf */,
				44265B0EAF0F49D88E1AC2A8 /* Montserrat-Black.ttf */,
				02EBA4A879AA4A8DA863F3F0 /* Montserrat-BlackItalic.ttf */,
				619DB9EF26214E7791AC6CA7 /* Montserrat-Bold.ttf */,
				5BFD025917134976B416CA1B /* Montserrat-BoldItalic.ttf */,
				B504D26F2BB44E8D96B6A8CD /* Montserrat-ExtraBold.ttf */,
				A79EC24997394E489D6CC46E /* Montserrat-ExtraBoldItalic.ttf */,
				72565BEC284A415BBC494B5C /* Montserrat-ExtraLight.ttf */,
				6CAF3F36EEFA469AB7C65263 /* Montserrat-ExtraLightItalic.ttf */,
				5ED0229B780E4655AA02CFE3 /* Montserrat-Italic.ttf */,
				9507845FF9DD4F76B7768812 /* Montserrat-Light.ttf */,
				39F63D0E241144FCB344C8BF /* Montserrat-LightItalic.ttf */,
				8A95FF90EE114C2EA0BE33E9 /* Montserrat-Medium.ttf */,
				AB52BC7406994F638968C6B8 /* Montserrat-MediumItalic.ttf */,
				8DBE368B20704A80B636F2E8 /* Montserrat-Regular.ttf */,
				DCB6E5D370C44A528BA1EE43 /* Montserrat-SemiBold.ttf */,
				32C8799EAD5F413185C84CFB /* Montserrat-SemiBoldItalic.ttf */,
				3F4085F716D1485A98D53DDC /* Montserrat-Thin.ttf */,
				97E0803026604FD09150A57D /* Montserrat-ThinItalic.ttf */,
				85960932AA554446A362C1BF /* Muli-Black.ttf */,
				AD233EEA61F74E92BD380A99 /* Muli-BlackItalic.ttf */,
				2644CCE46ADF46F2AB867E93 /* Muli-Bold.ttf */,
				8C46ED1CEC1644AA81F86E2F /* Muli-BoldItalic.ttf */,
				7103E195C31D4CB88C3A5B9A /* Muli-ExtraBold.ttf */,
				AA6C0010B3EF4CA7BE4C8565 /* Muli-ExtraBoldItalic.ttf */,
				681A6C575BFC42178D8711AC /* Muli-ExtraLight.ttf */,
				2C13E6A8FC584CB99D2C0FD6 /* Muli-ExtraLightItalic.ttf */,
				218D4EF5D0AA4EF0A0EA79D9 /* Muli-Italic.ttf */,
				AEFDB2EDF64347309C24E3EE /* Muli-Light.ttf */,
				C2C6DE33BA9B41B2A76CEC17 /* Muli-LightItalic.ttf */,
				70C4FBBD76084409834EBC33 /* Muli-Medium.ttf */,
				9EC604691CA84B87B603F63C /* Muli-MediumItalic.ttf */,
				01C0832E9DAB4B988B61D7C5 /* Muli-Regular.ttf */,
				5C38DC875D82478FA0FAFB3A /* Muli-SemiBold.ttf */,
				F27284D8461B4319A3BE751F /* Muli-SemiBoldItalic.ttf */,
				FAAD01EAB0DD44449F56B088 /* Nunito-Black.ttf */,
				AB70B2E6568D4BD2A55EAC91 /* Nunito-BlackItalic.ttf */,
				3AB4F1F8DE414E57B870F919 /* Nunito-Bold.ttf */,
				EA090E31CB1948D59FB435C9 /* Nunito-BoldItalic.ttf */,
				C3240EA7EBF74B04A7B180B2 /* Nunito-ExtraBold.ttf */,
				35FC2653C2D042E89F37757A /* Nunito-ExtraBoldItalic.ttf */,
				7640F713959A46F3B63FE6EA /* Nunito-ExtraLight.ttf */,
				F73623F5AEDF452CB903C3C4 /* Nunito-ExtraLightItalic.ttf */,
				0F2EB47451E646DAA0071767 /* Nunito-Italic.ttf */,
				FDA2F6B4E756496490808474 /* Nunito-Light.ttf */,
				F312B3E79F80497AAA562062 /* Nunito-LightItalic.ttf */,
				145E7950AA2642D48856F33D /* Nunito-Regular.ttf */,
				A8CDAED87CF94E70B9FB58F2 /* Nunito-SemiBold.ttf */,
				1CE835801FE2485EB93E74B5 /* Nunito-SemiBoldItalic.ttf */,
				415C7D7A81154C53BFDAB45C /* OpenSans-Bold.ttf */,
				C47AC804043B43DB8BB2434F /* OpenSans-BoldItalic.ttf */,
				FE0B98ACBD8440C886C1C868 /* OpenSans-ExtraBold.ttf */,
				9B97193023CB45F5897C9A98 /* OpenSans-ExtraBoldItalic.ttf */,
				0F3E4C1666114021BA2B1B45 /* OpenSans-Italic.ttf */,
				C38AB73321CB4D5FB9D9CE5E /* OpenSans-Light.ttf */,
				568F497271C74088A13B3742 /* OpenSans-LightItalic.ttf */,
				39AD02B27DC543A3ACE833F5 /* OpenSans-Regular.ttf */,
				BE64A2FC2A2D412AB81DF330 /* OpenSans-SemiBold.ttf */,
				95848D03D71D423285BDDDC9 /* OpenSans-SemiBoldItalic.ttf */,
				3FF69BF1A6A5499880B030B4 /* TitilliumWeb-Black.ttf */,
				BA428E231C7B47BFA08A6DFE /* TitilliumWeb-Bold.ttf */,
				A93EE6ACB86C48A58476ACBD /* TitilliumWeb-BoldItalic.ttf */,
				FA170BF38C1841378B05D4B6 /* TitilliumWeb-ExtraLight.ttf */,
				8F8F562A03964E3FA0328291 /* TitilliumWeb-ExtraLightItalic.ttf */,
				3005359568EC41C4BB312DA9 /* TitilliumWeb-Italic.ttf */,
				5E00EEB1861642019C0A26A1 /* TitilliumWeb-Light.ttf */,
				963273292AC34748BE0343A8 /* TitilliumWeb-LightItalic.ttf */,
				9F1CAC6587624EBDA5BEF4AC /* TitilliumWeb-Regular.ttf */,
				E6762DCE7CCA4BF6BFADAFCA /* TitilliumWeb-SemiBold.ttf */,
				13A56E2A09D44CCFB697AB0D /* TitilliumWeb-SemiBoldItalic.ttf */,
			);
			name = Resources;
			sourceTree = "<group>";
			path = "";
		};
/* End PBXGroup section */

/* Begin PBXNativeTarget section */
		00E356ED1AD99517003FC87E /* JustNewsTests */ = {
			isa = PBXNativeTarget;
			buildConfigurationList = 00E357021AD99517003FC87E /* Build configuration list for PBXNativeTarget "JustNewsTests" */;
			buildPhases = (
				00E356EA1AD99517003FC87E /* Sources */,
				00E356EB1AD99517003FC87E /* Frameworks */,
				00E356EC1AD99517003FC87E /* Resources */,
			);
			buildRules = (
			);
			dependencies = (
				00E356F51AD99517003FC87E /* PBXTargetDependency */,
			);
			name = JustNewsTests;
			productName = JustNewsTests;
			productReference = 00E356EE1AD99517003FC87E /* JustNewsTests.xctest */;
			productType = "com.apple.product-type.bundle.unit-test";
		};
		13B07F861A680F5B00A75B9A /* JustNews */ = {
			isa = PBXNativeTarget;
			buildConfigurationList = 13B07F931A680F5B00A75B9A /* Build configuration list for PBXNativeTarget "JustNews" */;
			buildPhases = (
				FD10A7F022414F080027D42C /* Start Packager */,
				13B07F871A680F5B00A75B9A /* Sources */,
				13B07F8C1A680F5B00A75B9A /* Frameworks */,
				13B07F8E1A680F5B00A75B9A /* Resources */,
				00DD1BFF1BD5951E006B06BC /* Bundle React Native code and images */,
			);
			buildRules = (
			);
			dependencies = (
			);
			name = JustNews;
			productName = "JustNews";
			productReference = 13B07F961A680F5B00A75B9A /* JustNews.app */;
			productType = "com.apple.product-type.application";
		};
		2D02E47A1E0B4A5D006451C7 /* JustNews-tvOS */ = {
			isa = PBXNativeTarget;
			buildConfigurationList = 2D02E4BA1E0B4A5E006451C7 /* Build configuration list for PBXNativeTarget "JustNews-tvOS" */;
			buildPhases = (
				FD10A7F122414F3F0027D42C /* Start Packager */,
				2D02E4771E0B4A5D006451C7 /* Sources */,
				2D02E4781E0B4A5D006451C7 /* Frameworks */,
				2D02E4791E0B4A5D006451C7 /* Resources */,
				2D02E4CB1E0B4B27006451C7 /* Bundle React Native Code And Images */,
			);
			buildRules = (
			);
			dependencies = (
			);
			name = "JustNews-tvOS";
			productName = "JustNews-tvOS";
			productReference = 2D02E47B1E0B4A5D006451C7 /* JustNews-tvOS.app */;
			productType = "com.apple.product-type.application";
		};
		2D02E48F1E0B4A5D006451C7 /* JustNews-tvOSTests */ = {
			isa = PBXNativeTarget;
			buildConfigurationList = 2D02E4BB1E0B4A5E006451C7 /* Build configuration list for PBXNativeTarget "JustNews-tvOSTests" */;
			buildPhases = (
				2D02E48C1E0B4A5D006451C7 /* Sources */,
				2D02E48D1E0B4A5D006451C7 /* Frameworks */,
				2D02E48E1E0B4A5D006451C7 /* Resources */,
			);
			buildRules = (
			);
			dependencies = (
				2D02E4921E0B4A5D006451C7 /* PBXTargetDependency */,
			);
			name = "JustNews-tvOSTests";
			productName = "JustNews-tvOSTests";
			productReference = 2D02E4901E0B4A5D006451C7 /* JustNews-tvOSTests.xctest */;
			productType = "com.apple.product-type.bundle.unit-test";
		};
/* End PBXNativeTarget section */

/* Begin PBXProject section */
		83CBB9F71A601CBA00E9B192 /* Project object */ = {
			isa = PBXProject;
			attributes = {
				LastUpgradeCheck = 940;
				ORGANIZATIONNAME = Facebook;
				TargetAttributes = {
					00E356ED1AD99517003FC87E = {
						CreatedOnToolsVersion = 6.2;
						TestTargetID = 13B07F861A680F5B00A75B9A;
					};
					2D02E47A1E0B4A5D006451C7 = {
						CreatedOnToolsVersion = 8.2.1;
						ProvisioningStyle = Automatic;
					};
					2D02E48F1E0B4A5D006451C7 = {
						CreatedOnToolsVersion = 8.2.1;
						ProvisioningStyle = Automatic;
						TestTargetID = 2D02E47A1E0B4A5D006451C7;
					};
				};
			};
			buildConfigurationList = 83CBB9FA1A601CBA00E9B192 /* Build configuration list for PBXProject "JustNews" */;
			compatibilityVersion = "Xcode 3.2";
			developmentRegion = English;
			hasScannedForEncodings = 0;
			knownRegions = (
				en,
				Base,
			);
			mainGroup = 83CBB9F61A601CBA00E9B192;
			productRefGroup = 83CBBA001A601CBA00E9B192 /* Products */;
			projectDirPath = "";
			projectRoot = "";
			targets = (
				13B07F861A680F5B00A75B9A /* JustNews */,
				00E356ED1AD99517003FC87E /* JustNewsTests */,
				2D02E47A1E0B4A5D006451C7 /* JustNews-tvOS */,
				2D02E48F1E0B4A5D006451C7 /* JustNews-tvOSTests */,
			);
		};
/* End PBXProject section */

/* Begin PBXResourcesBuildPhase section */
		00E356EC1AD99517003FC87E /* Resources */ = {
			isa = PBXResourcesBuildPhase;
			buildActionMask = 2147483647;
			files = (
			);
			runOnlyForDeploymentPostprocessing = 0;
		};
		13B07F8E1A680F5B00A75B9A /* Resources */ = {
			isa = PBXResourcesBuildPhase;
			buildActionMask = 2147483647;
			files = (
				13B07FBF1A68108700A75B9A /* Images.xcassets in Resources */,
				13B07FBD1A68108700A75B9A /* LaunchScreen.xib in Resources */,
				BB86F55C5971476E9C8DEE02 /* AntDesign.ttf in Resources */,
				AF145A88A35042E0ABA7BE39 /* Entypo.ttf in Resources */,
				6756430F1EE24DF39339F1AA /* EvilIcons.ttf in Resources */,
				0169CF18B5EE43D8941FC78F /* Feather.ttf in Resources */,
				99367624FA064FB880C1A8F8 /* FontAwesome.ttf in Resources */,
				F771BAE5B64F40F99240F603 /* FontAwesome5_Brands.ttf in Resources */,
				944523BD876A4824A7099632 /* FontAwesome5_Regular.ttf in Resources */,
				A18175F5E9C947779C7B0A6A /* FontAwesome5_Solid.ttf in Resources */,
				8E49ED6C96EF4A1F86B06372 /* Fontisto.ttf in Resources */,
				E0ED2AB948074501B1565CC8 /* Foundation.ttf in Resources */,
				2ECBB0CF1BC94FCFB9015CA1 /* Ionicons.ttf in Resources */,
				E408FA96B1694FDBA3728CAF /* MaterialCommunityIcons.ttf in Resources */,
				F4FC7BCDD20542B1ACE3412E /* MaterialIcons.ttf in Resources */,
				79FDE9576C80439AABF548D4 /* Octicons.ttf in Resources */,
				8F6901B49CC448048A3C9618 /* SimpleLineIcons.ttf in Resources */,
				AA5D4788E2DE4713B193749D /* Zocial.ttf in Resources */,
				AA2CD996882F450FB6287E70 /* KulimPark-Bold.ttf in Resources */,
				630DB266DE8A4A42AE2318ED /* KulimPark-BoldItalic.ttf in Resources */,
				89F0378A27314A96BE3FE86D /* KulimPark-ExtraLight.ttf in Resources */,
				434886F680E945FA856D5C80 /* KulimPark-ExtraLightItalic.ttf in Resources */,
				9D55514C45944A9A834C0FD3 /* KulimPark-Italic.ttf in Resources */,
				75A045C86727498891A88041 /* KulimPark-Light.ttf in Resources */,
				EF8FEC677DF34F288DD5588C /* KulimPark-LightItalic.ttf in Resources */,
				12D9E203A03543F5828CCAF7 /* KulimPark-Regular.ttf in Resources */,
				5BE1B9AC4A094AA1BC786479 /* KulimPark-SemiBold.ttf in Resources */,
				C671F48DB7C74CB3B827EFCB /* KulimPark-SemiBoldItalic.ttf in Resources */,
				E6031A4004E244428FD68D96 /* Montserrat-Black.ttf in Resources */,
				F0980613649340E9BF16EBD1 /* Montserrat-BlackItalic.ttf in Resources */,
				D4131BFE946B4C8F8598979E /* Montserrat-Bold.ttf in Resources */,
				960978C9D1C84054B307FAAE /* Montserrat-BoldItalic.ttf in Resources */,
				CB9D7219F92546B6B335F562 /* Montserrat-ExtraBold.ttf in Resources */,
				86E20E68550B4A6496AD735F /* Montserrat-ExtraBoldItalic.ttf in Resources */,
				68FA4E1AAC0F40A1A750801E /* Montserrat-ExtraLight.ttf in Resources */,
				78FA129E14B54BBFB9B28730 /* Montserrat-ExtraLightItalic.ttf in Resources */,
				A9ACCEA680B848B5836821F1 /* Montserrat-Italic.ttf in Resources */,
				8877B66BABA845028E64A223 /* Montserrat-Light.ttf in Resources */,
				AD8902B940D0430FB917A4F3 /* Montserrat-LightItalic.ttf in Resources */,
				76FE4060E7EC4E5E8A867403 /* Montserrat-Medium.ttf in Resources */,
				4F0EF0FEC24F491C9887A6C3 /* Montserrat-MediumItalic.ttf in Resources */,
				29316E88EFE54218B5146900 /* Montserrat-Regular.ttf in Resources */,
				B96077EC9ACC4627B2BA917A /* Montserrat-SemiBold.ttf in Resources */,
				6A54B6BD9BFF4646A5E9E3FD /* Montserrat-SemiBoldItalic.ttf in Resources */,
				A5064FAB352F49639D583C71 /* Montserrat-Thin.ttf in Resources */,
				1DC5EA0C62E74541854FFB38 /* Montserrat-ThinItalic.ttf in Resources */,
				8B763B8ABEB24B7A9C054624 /* Muli-Black.ttf in Resources */,
				E0ABC31FD51D458BA4E32DC5 /* Muli-BlackItalic.ttf in Resources */,
				9A64D73859AC47139344CC28 /* Muli-Bold.ttf in Resources */,
				881D0C3D434A4205877BB5EB /* Muli-BoldItalic.ttf in Resources */,
				94EB22FB08BD482D8B9BF0EC /* Muli-ExtraBold.ttf in Resources */,
				1FA025D8F6DC44D099401044 /* Muli-ExtraBoldItalic.ttf in Resources */,
				BFC5248E2AEB4416989D42F8 /* Muli-ExtraLight.ttf in Resources */,
				C7937D34323A47FE9CD3BF19 /* Muli-ExtraLightItalic.ttf in Resources */,
				25DF775313E24F3EB9056393 /* Muli-Italic.ttf in Resources */,
				F6AC942FCA394C45B76D697F /* Muli-Light.ttf in Resources */,
				0C03F662A0174358A5937F15 /* Muli-LightItalic.ttf in Resources */,
				D315C940465845B0B5A3AF72 /* Muli-Medium.ttf in Resources */,
				248027B99B044E8599F2ADB1 /* Muli-MediumItalic.ttf in Resources */,
				DF0869DACC0243A5AC6B5634 /* Muli-Regular.ttf in Resources */,
				F6B9AB55E4DD405AB10C3240 /* Muli-SemiBold.ttf in Resources */,
				CE4FE2046D2846B4B1C2CD63 /* Muli-SemiBoldItalic.ttf in Resources */,
				DB5B82428EF64F97A48F1DEF /* Nunito-Black.ttf in Resources */,
				9D7265E771EF48CF9CA709C4 /* Nunito-BlackItalic.ttf in Resources */,
				2D2DFF89C1054D18911780A0 /* Nunito-Bold.ttf in Resources */,
				29E11C7611AB412A89D26A09 /* Nunito-BoldItalic.ttf in Resources */,
				36EB5E6B37D7450E9B5D23F5 /* Nunito-ExtraBold.ttf in Resources */,
				6028D45F902C4E209738D0C2 /* Nunito-ExtraBoldItalic.ttf in Resources */,
				69DB55BA62BC482BA7A955B2 /* Nunito-ExtraLight.ttf in Resources */,
				7C19E13C5D7F40CBACC1F589 /* Nunito-ExtraLightItalic.ttf in Resources */,
				AE242500A10E414986F135BF /* Nunito-Italic.ttf in Resources */,
				49B275EF8CE34A3CA7302EB3 /* Nunito-Light.ttf in Resources */,
				E67A2872DD684D01B07EB0E2 /* Nunito-LightItalic.ttf in Resources */,
				26F668A3C76F42F7A096C90E /* Nunito-Regular.ttf in Resources */,
				5EAA9C6A898D4939A6F4829D /* Nunito-SemiBold.ttf in Resources */,
				D1F8C2EF13E14A37940BEBCB /* Nunito-SemiBoldItalic.ttf in Resources */,
				2AEEF2DD5F414F90A772CA6F /* OpenSans-Bold.ttf in Resources */,
				C6F6E097CB05439C9FA0E3A9 /* OpenSans-BoldItalic.ttf in Resources */,
				6B6831B963F04668AADE682C /* OpenSans-ExtraBold.ttf in Resources */,
				913FD271273B4CD1A84305E3 /* OpenSans-ExtraBoldItalic.ttf in Resources */,
				730E6306745F4E68ACA3CFED /* OpenSans-Italic.ttf in Resources */,
				F0D3F29C231243AEB1A4BEC0 /* OpenSans-Light.ttf in Resources */,
				0F495799F7CE4847A7E1BA33 /* OpenSans-LightItalic.ttf in Resources */,
				E8F551432D2640C081D35937 /* OpenSans-Regular.ttf in Resources */,
				2F7F1FB6B69A4A108AF1ADE3 /* OpenSans-SemiBold.ttf in Resources */,
				5D8535F3098845BEB0836CC2 /* OpenSans-SemiBoldItalic.ttf in Resources */,
				7310E346EBD94AD199D7CE9B /* TitilliumWeb-Black.ttf in Resources */,
				0D06CB18A89544E5BD1DF67E /* TitilliumWeb-Bold.ttf in Resources */,
				53F57264455C48A388FBF6DF /* TitilliumWeb-BoldItalic.ttf in Resources */,
				CA10F142E9CF4CC2896B29B7 /* TitilliumWeb-ExtraLight.ttf in Resources */,
				9915241184304A17B6A24F6F /* TitilliumWeb-ExtraLightItalic.ttf in Resources */,
				DFA47E0BE8AF4E25A861B6C9 /* TitilliumWeb-Italic.ttf in Resources */,
				ACEAB27E1EEA42589CCB3619 /* TitilliumWeb-Light.ttf in Resources */,
				50AB4241EE174363A03722F5 /* TitilliumWeb-LightItalic.ttf in Resources */,
				1E3685B0779A48B7AADD6FA7 /* TitilliumWeb-Regular.ttf in Resources */,
				91819CD9805D4383A7AC0BA3 /* TitilliumWeb-SemiBold.ttf in Resources */,
				057E0EFFD384449C85404EE2 /* TitilliumWeb-SemiBoldItalic.ttf in Resources */,
			);
			runOnlyForDeploymentPostprocessing = 0;
		};
		2D02E4791E0B4A5D006451C7 /* Resources */ = {
			isa = PBXResourcesBuildPhase;
			buildActionMask = 2147483647;
			files = (
				2D02E4BD1E0B4A84006451C7 /* Images.xcassets in Resources */,
			);
			runOnlyForDeploymentPostprocessing = 0;
		};
		2D02E48E1E0B4A5D006451C7 /* Resources */ = {
			isa = PBXResourcesBuildPhase;
			buildActionMask = 2147483647;
			files = (
			);
			runOnlyForDeploymentPostprocessing = 0;
		};
/* End PBXResourcesBuildPhase section */

/* Begin PBXShellScriptBuildPhase section */
		00DD1BFF1BD5951E006B06BC /* Bundle React Native code and images */ = {
			isa = PBXShellScriptBuildPhase;
			buildActionMask = 2147483647;
			files = (
			);
			inputPaths = (
			);
			name = "Bundle React Native code and images";
			outputPaths = (
			);
			runOnlyForDeploymentPostprocessing = 0;
			shellPath = /bin/sh;
			shellScript = "export NODE_BINARY=node\n../node_modules/react-native/scripts/react-native-xcode.sh";
		};
		2D02E4CB1E0B4B27006451C7 /* Bundle React Native Code And Images */ = {
			isa = PBXShellScriptBuildPhase;
			buildActionMask = 2147483647;
			files = (
			);
			inputPaths = (
			);
			name = "Bundle React Native Code And Images";
			outputPaths = (
			);
			runOnlyForDeploymentPostprocessing = 0;
			shellPath = /bin/sh;
			shellScript = "export NODE_BINARY=node\n../node_modules/react-native/scripts/react-native-xcode.sh";
		};
		FD10A7F022414F080027D42C /* Start Packager */ = {
			isa = PBXShellScriptBuildPhase;
			buildActionMask = 2147483647;
			files = (
			);
			inputFileListPaths = (
			);
			inputPaths = (
			);
			name = "Start Packager";
			outputFileListPaths = (
			);
			outputPaths = (
			);
			runOnlyForDeploymentPostprocessing = 0;
			shellPath = /bin/sh;
			shellScript = "export RCT_METRO_PORT=\"${RCT_METRO_PORT:=8081}\"\necho \"export RCT_METRO_PORT=${RCT_METRO_PORT}\" > \"${SRCROOT}/../node_modules/react-native/scripts/.packager.env\"\nif [ -z \"${RCT_NO_LAUNCH_PACKAGER+xxx}\" ] ; then\n  if nc -w 5 -z localhost ${RCT_METRO_PORT} ; then\n    if ! curl -s \"http://localhost:${RCT_METRO_PORT}/status\" | grep -q \"packager-status:running\" ; then\n      echo \"Port ${RCT_METRO_PORT} already in use, packager is either not running or not running correctly\"\n      exit 2\n    fi\n  else\n    open \"$SRCROOT/../node_modules/react-native/scripts/launchPackager.command\" || echo \"Can't start packager automatically\"\n  fi\nfi\n";
			showEnvVarsInLog = 0;
		};
		FD10A7F122414F3F0027D42C /* Start Packager */ = {
			isa = PBXShellScriptBuildPhase;
			buildActionMask = 2147483647;
			files = (
			);
			inputFileListPaths = (
			);
			inputPaths = (
			);
			name = "Start Packager";
			outputFileListPaths = (
			);
			outputPaths = (
			);
			runOnlyForDeploymentPostprocessing = 0;
			shellPath = /bin/sh;
			shellScript = "export RCT_METRO_PORT=\"${RCT_METRO_PORT:=8081}\"\necho \"export RCT_METRO_PORT=${RCT_METRO_PORT}\" > \"${SRCROOT}/../node_modules/react-native/scripts/.packager.env\"\nif [ -z \"${RCT_NO_LAUNCH_PACKAGER+xxx}\" ] ; then\n  if nc -w 5 -z localhost ${RCT_METRO_PORT} ; then\n    if ! curl -s \"http://localhost:${RCT_METRO_PORT}/status\" | grep -q \"packager-status:running\" ; then\n      echo \"Port ${RCT_METRO_PORT} already in use, packager is either not running or not running correctly\"\n      exit 2\n    fi\n  else\n    open \"$SRCROOT/../node_modules/react-native/scripts/launchPackager.command\" || echo \"Can't start packager automatically\"\n  fi\nfi\n";
			showEnvVarsInLog = 0;
		};
/* End PBXShellScriptBuildPhase section */

/* Begin PBXSourcesBuildPhase section */
		00E356EA1AD99517003FC87E /* Sources */ = {
			isa = PBXSourcesBuildPhase;
			buildActionMask = 2147483647;
			files = (
				00E356F31AD99517003FC87E /* JustNewsTests.m in Sources */,
			);
			runOnlyForDeploymentPostprocessing = 0;
		};
		13B07F871A680F5B00A75B9A /* Sources */ = {
			isa = PBXSourcesBuildPhase;
			buildActionMask = 2147483647;
			files = (
				13B07FBC1A68108700A75B9A /* AppDelegate.m in Sources */,
				13B07FC11A68108700A75B9A /* main.m in Sources */,
			);
			runOnlyForDeploymentPostprocessing = 0;
		};
		2D02E4771E0B4A5D006451C7 /* Sources */ = {
			isa = PBXSourcesBuildPhase;
			buildActionMask = 2147483647;
			files = (
				2D02E4BF1E0B4AB3006451C7 /* main.m in Sources */,
				2D02E4BC1E0B4A80006451C7 /* AppDelegate.m in Sources */,
			);
			runOnlyForDeploymentPostprocessing = 0;
		};
		2D02E48C1E0B4A5D006451C7 /* Sources */ = {
			isa = PBXSourcesBuildPhase;
			buildActionMask = 2147483647;
			files = (
				2DCD954D1E0B4F2C00145EB5 /* JustNewsTests.m in Sources */,
			);
			runOnlyForDeploymentPostprocessing = 0;
		};
/* End PBXSourcesBuildPhase section */

/* Begin PBXTargetDependency section */
		00E356F51AD99517003FC87E /* PBXTargetDependency */ = {
			isa = PBXTargetDependency;
			target = 13B07F861A680F5B00A75B9A /* JustNews */;
			targetProxy = 00E356F41AD99517003FC87E /* PBXContainerItemProxy */;
		};
		2D02E4921E0B4A5D006451C7 /* PBXTargetDependency */ = {
			isa = PBXTargetDependency;
			target = 2D02E47A1E0B4A5D006451C7 /* JustNews-tvOS */;
			targetProxy = 2D02E4911E0B4A5D006451C7 /* PBXContainerItemProxy */;
		};
/* End PBXTargetDependency section */

/* Begin PBXVariantGroup section */
		13B07FB11A68108700A75B9A /* LaunchScreen.xib */ = {
			isa = PBXVariantGroup;
			children = (
				13B07FB21A68108700A75B9A /* Base */,
			);
			name = LaunchScreen.xib;
			path = JustNews;
			sourceTree = "<group>";
		};
/* End PBXVariantGroup section */

/* Begin XCBuildConfiguration section */
		00E356F61AD99517003FC87E /* Debug */ = {
			isa = XCBuildConfiguration;
			buildSettings = {
				BUNDLE_LOADER = "$(TEST_HOST)";
				GCC_PREPROCESSOR_DEFINITIONS = (
					"DEBUG=1",
					"$(inherited)",
				);
				INFOPLIST_FILE = JustNewsTests/Info.plist;
				IPHONEOS_DEPLOYMENT_TARGET = 9.0;
				LD_RUNPATH_SEARCH_PATHS = "$(inherited) @executable_path/Frameworks @loader_path/Frameworks";
				OTHER_LDFLAGS = (
					"-ObjC",
					"-lc++",
					"$(inherited)",
				);
				PRODUCT_BUNDLE_IDENTIFIER = "org.reactjs.native.example.$(PRODUCT_NAME:rfc1034identifier)";
				PRODUCT_NAME = "$(TARGET_NAME)";
				TEST_HOST = "$(BUILT_PRODUCTS_DIR)/JustNews.app/JustNews";
			};
			name = Debug;
		};
		00E356F71AD99517003FC87E /* Release */ = {
			isa = XCBuildConfiguration;
			buildSettings = {
				BUNDLE_LOADER = "$(TEST_HOST)";
				COPY_PHASE_STRIP = NO;
				INFOPLIST_FILE = JustNewsTests/Info.plist;
				IPHONEOS_DEPLOYMENT_TARGET = 9.0;
				LD_RUNPATH_SEARCH_PATHS = "$(inherited) @executable_path/Frameworks @loader_path/Frameworks";
				OTHER_LDFLAGS = (
					"-ObjC",
					"-lc++",
					"$(inherited)",
				);
				PRODUCT_BUNDLE_IDENTIFIER = "org.reactjs.native.example.$(PRODUCT_NAME:rfc1034identifier)";
				PRODUCT_NAME = "$(TARGET_NAME)";
				TEST_HOST = "$(BUILT_PRODUCTS_DIR)/JustNews.app/JustNews";
			};
			name = Release;
		};
		13B07F941A680F5B00A75B9A /* Debug */ = {
			isa = XCBuildConfiguration;
			buildSettings = {
				ASSETCATALOG_COMPILER_APPICON_NAME = AppIcon;
				CURRENT_PROJECT_VERSION = 1;
				DEAD_CODE_STRIPPING = NO;
				INFOPLIST_FILE = JustNews/Info.plist;
				LD_RUNPATH_SEARCH_PATHS = "$(inherited) @executable_path/Frameworks";
				OTHER_LDFLAGS = (
					"$(inherited)",
					"-ObjC",
					"-lc++",
				);
				PRODUCT_BUNDLE_IDENTIFIER = "org.reactjs.native.example.$(PRODUCT_NAME:rfc1034identifier)";
				PRODUCT_NAME = JustNews;
				VERSIONING_SYSTEM = "apple-generic";
			};
			name = Debug;
		};
		13B07F951A680F5B00A75B9A /* Release */ = {
			isa = XCBuildConfiguration;
			buildSettings = {
				ASSETCATALOG_COMPILER_APPICON_NAME = AppIcon;
				CURRENT_PROJECT_VERSION = 1;
				INFOPLIST_FILE = JustNews/Info.plist;
				LD_RUNPATH_SEARCH_PATHS = "$(inherited) @executable_path/Frameworks";
				OTHER_LDFLAGS = (
					"$(inherited)",
					"-ObjC",
					"-lc++",
				);
				PRODUCT_BUNDLE_IDENTIFIER = "org.reactjs.native.example.$(PRODUCT_NAME:rfc1034identifier)";
				PRODUCT_NAME = JustNews;
				VERSIONING_SYSTEM = "apple-generic";
			};
			name = Release;
		};
		2D02E4971E0B4A5E006451C7 /* Debug */ = {
			isa = XCBuildConfiguration;
			buildSettings = {
				ASSETCATALOG_COMPILER_APPICON_NAME = "App Icon & Top Shelf Image";
				ASSETCATALOG_COMPILER_LAUNCHIMAGE_NAME = LaunchImage;
				CLANG_ANALYZER_NONNULL = YES;
				CLANG_WARN_DOCUMENTATION_COMMENTS = YES;
				CLANG_WARN_INFINITE_RECURSION = YES;
				CLANG_WARN_SUSPICIOUS_MOVE = YES;
				DEBUG_INFORMATION_FORMAT = dwarf;
				ENABLE_TESTABILITY = YES;
				GCC_NO_COMMON_BLOCKS = YES;
				INFOPLIST_FILE = "JustNews-tvOS/Info.plist";
				LD_RUNPATH_SEARCH_PATHS = "$(inherited) @executable_path/Frameworks";
				OTHER_LDFLAGS = (
					"$(inherited)",
					"-ObjC",
					"-lc++",
				);
				PRODUCT_BUNDLE_IDENTIFIER = "com.facebook.REACT.JustNews-tvOS";
				PRODUCT_NAME = "$(TARGET_NAME)";
				SDKROOT = appletvos;
				TARGETED_DEVICE_FAMILY = 3;
				TVOS_DEPLOYMENT_TARGET = 9.2;
			};
			name = Debug;
		};
		2D02E4981E0B4A5E006451C7 /* Release */ = {
			isa = XCBuildConfiguration;
			buildSettings = {
				ASSETCATALOG_COMPILER_APPICON_NAME = "App Icon & Top Shelf Image";
				ASSETCATALOG_COMPILER_LAUNCHIMAGE_NAME = LaunchImage;
				CLANG_ANALYZER_NONNULL = YES;
				CLANG_WARN_DOCUMENTATION_COMMENTS = YES;
				CLANG_WARN_INFINITE_RECURSION = YES;
				CLANG_WARN_SUSPICIOUS_MOVE = YES;
				COPY_PHASE_STRIP = NO;
				DEBUG_INFORMATION_FORMAT = "dwarf-with-dsym";
				GCC_NO_COMMON_BLOCKS = YES;
				INFOPLIST_FILE = "JustNews-tvOS/Info.plist";
				LD_RUNPATH_SEARCH_PATHS = "$(inherited) @executable_path/Frameworks";
				OTHER_LDFLAGS = (
					"$(inherited)",
					"-ObjC",
					"-lc++",
				);
				PRODUCT_BUNDLE_IDENTIFIER = "com.facebook.REACT.JustNews-tvOS";
				PRODUCT_NAME = "$(TARGET_NAME)";
				SDKROOT = appletvos;
				TARGETED_DEVICE_FAMILY = 3;
				TVOS_DEPLOYMENT_TARGET = 9.2;
			};
			name = Release;
		};
		2D02E4991E0B4A5E006451C7 /* Debug */ = {
			isa = XCBuildConfiguration;
			buildSettings = {
				BUNDLE_LOADER = "$(TEST_HOST)";
				CLANG_ANALYZER_NONNULL = YES;
				CLANG_WARN_DOCUMENTATION_COMMENTS = YES;
				CLANG_WARN_INFINITE_RECURSION = YES;
				CLANG_WARN_SUSPICIOUS_MOVE = YES;
				DEBUG_INFORMATION_FORMAT = dwarf;
				ENABLE_TESTABILITY = YES;
				GCC_NO_COMMON_BLOCKS = YES;
				INFOPLIST_FILE = "JustNews-tvOSTests/Info.plist";
				LD_RUNPATH_SEARCH_PATHS = "$(inherited) @executable_path/Frameworks @loader_path/Frameworks";
				OTHER_LDFLAGS = (
					"$(inherited)",
					"-ObjC",
					"-lc++",
				);
				PRODUCT_BUNDLE_IDENTIFIER = "com.facebook.REACT.JustNews-tvOSTests";
				PRODUCT_NAME = "$(TARGET_NAME)";
				SDKROOT = appletvos;
				TEST_HOST = "$(BUILT_PRODUCTS_DIR)/JustNews-tvOS.app/JustNews-tvOS";
				TVOS_DEPLOYMENT_TARGET = 10.1;
			};
			name = Debug;
		};
		2D02E49A1E0B4A5E006451C7 /* Release */ = {
			isa = XCBuildConfiguration;
			buildSettings = {
				BUNDLE_LOADER = "$(TEST_HOST)";
				CLANG_ANALYZER_NONNULL = YES;
				CLANG_WARN_DOCUMENTATION_COMMENTS = YES;
				CLANG_WARN_INFINITE_RECURSION = YES;
				CLANG_WARN_SUSPICIOUS_MOVE = YES;
				COPY_PHASE_STRIP = NO;
				DEBUG_INFORMATION_FORMAT = "dwarf-with-dsym";
				GCC_NO_COMMON_BLOCKS = YES;
				INFOPLIST_FILE = "JustNews-tvOSTests/Info.plist";
				LD_RUNPATH_SEARCH_PATHS = "$(inherited) @executable_path/Frameworks @loader_path/Frameworks";
				OTHER_LDFLAGS = (
					"$(inherited)",
					"-ObjC",
					"-lc++",
				);
				PRODUCT_BUNDLE_IDENTIFIER = "com.facebook.REACT.JustNews-tvOSTests";
				PRODUCT_NAME = "$(TARGET_NAME)";
				SDKROOT = appletvos;
				TEST_HOST = "$(BUILT_PRODUCTS_DIR)/JustNews-tvOS.app/JustNews-tvOS";
				TVOS_DEPLOYMENT_TARGET = 10.1;
			};
			name = Release;
		};
		83CBBA201A601CBA00E9B192 /* Debug */ = {
			isa = XCBuildConfiguration;
			buildSettings = {
				ALWAYS_SEARCH_USER_PATHS = NO;
				CLANG_CXX_LANGUAGE_STANDARD = "gnu++0x";
				CLANG_CXX_LIBRARY = "libc++";
				CLANG_ENABLE_MODULES = YES;
				CLANG_ENABLE_OBJC_ARC = YES;
				CLANG_WARN_BLOCK_CAPTURE_AUTORELEASING = YES;
				CLANG_WARN_BOOL_CONVERSION = YES;
				CLANG_WARN_COMMA = YES;
				CLANG_WARN_CONSTANT_CONVERSION = YES;
				CLANG_WARN_DEPRECATED_OBJC_IMPLEMENTATIONS = YES;
				CLANG_WARN_DIRECT_OBJC_ISA_USAGE = YES_ERROR;
				CLANG_WARN_EMPTY_BODY = YES;
				CLANG_WARN_ENUM_CONVERSION = YES;
				CLANG_WARN_INFINITE_RECURSION = YES;
				CLANG_WARN_INT_CONVERSION = YES;
				CLANG_WARN_NON_LITERAL_NULL_CONVERSION = YES;
				CLANG_WARN_OBJC_IMPLICIT_RETAIN_SELF = YES;
				CLANG_WARN_OBJC_LITERAL_CONVERSION = YES;
				CLANG_WARN_OBJC_ROOT_CLASS = YES_ERROR;
				CLANG_WARN_RANGE_LOOP_ANALYSIS = YES;
				CLANG_WARN_STRICT_PROTOTYPES = YES;
				CLANG_WARN_SUSPICIOUS_MOVE = YES;
				CLANG_WARN_UNREACHABLE_CODE = YES;
				CLANG_WARN__DUPLICATE_METHOD_MATCH = YES;
				"CODE_SIGN_IDENTITY[sdk=iphoneos*]" = "iPhone Developer";
				COPY_PHASE_STRIP = NO;
				ENABLE_STRICT_OBJC_MSGSEND = YES;
				ENABLE_TESTABILITY = YES;
				GCC_C_LANGUAGE_STANDARD = gnu99;
				GCC_DYNAMIC_NO_PIC = NO;
				GCC_NO_COMMON_BLOCKS = YES;
				GCC_OPTIMIZATION_LEVEL = 0;
				GCC_PREPROCESSOR_DEFINITIONS = (
					"DEBUG=1",
					"$(inherited)",
				);
				GCC_SYMBOLS_PRIVATE_EXTERN = NO;
				GCC_WARN_64_TO_32_BIT_CONVERSION = YES;
				GCC_WARN_ABOUT_RETURN_TYPE = YES_ERROR;
				GCC_WARN_UNDECLARED_SELECTOR = YES;
				GCC_WARN_UNINITIALIZED_AUTOS = YES_AGGRESSIVE;
				GCC_WARN_UNUSED_FUNCTION = YES;
				GCC_WARN_UNUSED_VARIABLE = YES;
				IPHONEOS_DEPLOYMENT_TARGET = 9.0;
				MTL_ENABLE_DEBUG_INFO = YES;
				ONLY_ACTIVE_ARCH = YES;
				SDKROOT = iphoneos;
			};
			name = Debug;
		};
		83CBBA211A601CBA00E9B192 /* Release */ = {
			isa = XCBuildConfiguration;
			buildSettings = {
				ALWAYS_SEARCH_USER_PATHS = NO;
				CLANG_CXX_LANGUAGE_STANDARD = "gnu++0x";
				CLANG_CXX_LIBRARY = "libc++";
				CLANG_ENABLE_MODULES = YES;
				CLANG_ENABLE_OBJC_ARC = YES;
				CLANG_WARN_BLOCK_CAPTURE_AUTORELEASING = YES;
				CLANG_WARN_BOOL_CONVERSION = YES;
				CLANG_WARN_COMMA = YES;
				CLANG_WARN_CONSTANT_CONVERSION = YES;
				CLANG_WARN_DEPRECATED_OBJC_IMPLEMENTATIONS = YES;
				CLANG_WARN_DIRECT_OBJC_ISA_USAGE = YES_ERROR;
				CLANG_WARN_EMPTY_BODY = YES;
				CLANG_WARN_ENUM_CONVERSION = YES;
				CLANG_WARN_INFINITE_RECURSION = YES;
				CLANG_WARN_INT_CONVERSION = YES;
				CLANG_WARN_NON_LITERAL_NULL_CONVERSION = YES;
				CLANG_WARN_OBJC_IMPLICIT_RETAIN_SELF = YES;
				CLANG_WARN_OBJC_LITERAL_CONVERSION = YES;
				CLANG_WARN_OBJC_ROOT_CLASS = YES_ERROR;
				CLANG_WARN_RANGE_LOOP_ANALYSIS = YES;
				CLANG_WARN_STRICT_PROTOTYPES = YES;
				CLANG_WARN_SUSPICIOUS_MOVE = YES;
				CLANG_WARN_UNREACHABLE_CODE = YES;
				CLANG_WARN__DUPLICATE_METHOD_MATCH = YES;
				"CODE_SIGN_IDENTITY[sdk=iphoneos*]" = "iPhone Developer";
				COPY_PHASE_STRIP = YES;
				ENABLE_NS_ASSERTIONS = NO;
				ENABLE_STRICT_OBJC_MSGSEND = YES;
				GCC_C_LANGUAGE_STANDARD = gnu99;
				GCC_NO_COMMON_BLOCKS = YES;
				GCC_WARN_64_TO_32_BIT_CONVERSION = YES;
				GCC_WARN_ABOUT_RETURN_TYPE = YES_ERROR;
				GCC_WARN_UNDECLARED_SELECTOR = YES;
				GCC_WARN_UNINITIALIZED_AUTOS = YES_AGGRESSIVE;
				GCC_WARN_UNUSED_FUNCTION = YES;
				GCC_WARN_UNUSED_VARIABLE = YES;
				IPHONEOS_DEPLOYMENT_TARGET = 9.0;
				MTL_ENABLE_DEBUG_INFO = NO;
				SDKROOT = iphoneos;
				VALIDATE_PRODUCT = YES;
			};
			name = Release;
		};
/* End XCBuildConfiguration section */

/* Begin XCConfigurationList section */
		00E357021AD99517003FC87E /* Build configuration list for PBXNativeTarget "JustNewsTests" */ = {
			isa = XCConfigurationList;
			buildConfigurations = (
				00E356F61AD99517003FC87E /* Debug */,
				00E356F71AD99517003FC87E /* Release */,
			);
			defaultConfigurationIsVisible = 0;
			defaultConfigurationName = Release;
		};
		13B07F931A680F5B00A75B9A /* Build configuration list for PBXNativeTarget "JustNews" */ = {
			isa = XCConfigurationList;
			buildConfigurations = (
				13B07F941A680F5B00A75B9A /* Debug */,
				13B07F951A680F5B00A75B9A /* Release */,
			);
			defaultConfigurationIsVisible = 0;
			defaultConfigurationName = Release;
		};
		2D02E4BA1E0B4A5E006451C7 /* Build configuration list for PBXNativeTarget "JustNews-tvOS" */ = {
			isa = XCConfigurationList;
			buildConfigurations = (
				2D02E4971E0B4A5E006451C7 /* Debug */,
				2D02E4981E0B4A5E006451C7 /* Release */,
			);
			defaultConfigurationIsVisible = 0;
			defaultConfigurationName = Release;
		};
		2D02E4BB1E0B4A5E006451C7 /* Build configuration list for PBXNativeTarget "JustNews-tvOSTests" */ = {
			isa = XCConfigurationList;
			buildConfigurations = (
				2D02E4991E0B4A5E006451C7 /* Debug */,
				2D02E49A1E0B4A5E006451C7 /* Release */,
			);
			defaultConfigurationIsVisible = 0;
			defaultConfigurationName = Release;
		};
		83CBB9FA1A601CBA00E9B192 /* Build configuration list for PBXProject "JustNews" */ = {
			isa = XCConfigurationList;
			buildConfigurations = (
				83CBBA201A601CBA00E9B192 /* Debug */,
				83CBBA211A601CBA00E9B192 /* Release */,
			);
			defaultConfigurationIsVisible = 0;
			defaultConfigurationName = Release;
		};
/* End XCConfigurationList section */
	};
	rootObject = 83CBB9F71A601CBA00E9B192 /* Project object */;
}
